// !$*UTF8*$!
{
	archiveVersion = 1;
	classes = {
	};
	objectVersion = 56;
	objects = {

/* Begin PBXBuildFile section */
		5B3049D42B642E6B00F46A21 /* AppDelegate.swift in Sources */ = {isa = PBXBuildFile; fileRef = 5B3049D32B642E6B00F46A21 /* AppDelegate.swift */; };
		5B3049D62B642E6B00F46A21 /* SceneDelegate.swift in Sources */ = {isa = PBXBuildFile; fileRef = 5B3049D52B642E6B00F46A21 /* SceneDelegate.swift */; };
		5B3049DE2B642E6B00F46A21 /* Pokedex.xcdatamodeld in Sources */ = {isa = PBXBuildFile; fileRef = 5B3049DC2B642E6B00F46A21 /* Pokedex.xcdatamodeld */; };
		5B3049E02B642E6C00F46A21 /* Assets.xcassets in Resources */ = {isa = PBXBuildFile; fileRef = 5B3049DF2B642E6C00F46A21 /* Assets.xcassets */; };
		5B3049E32B642E6C00F46A21 /* LaunchScreen.storyboard in Resources */ = {isa = PBXBuildFile; fileRef = 5B3049E12B642E6C00F46A21 /* LaunchScreen.storyboard */; };
		5B3049EE2B642E6C00F46A21 /* PokedexTests.swift in Sources */ = {isa = PBXBuildFile; fileRef = 5B3049ED2B642E6C00F46A21 /* PokedexTests.swift */; };
		5B3049F82B642E6C00F46A21 /* PokedexUITests.swift in Sources */ = {isa = PBXBuildFile; fileRef = 5B3049F72B642E6C00F46A21 /* PokedexUITests.swift */; };
		5B3049FA2B642E6C00F46A21 /* PokedexUITestsLaunchTests.swift in Sources */ = {isa = PBXBuildFile; fileRef = 5B3049F92B642E6C00F46A21 /* PokedexUITestsLaunchTests.swift */; };
		5B304A082B64405300F46A21 /* Swinject in Frameworks */ = {isa = PBXBuildFile; productRef = 5B304A072B64405300F46A21 /* Swinject */; };
		5B304A0B2B6440AF00F46A21 /* Kingfisher in Frameworks */ = {isa = PBXBuildFile; productRef = 5B304A0A2B6440AF00F46A21 /* Kingfisher */; };
		5B304A0E2B64411600F46A21 /* SnapshotTesting in Frameworks */ = {isa = PBXBuildFile; productRef = 5B304A0D2B64411600F46A21 /* SnapshotTesting */; };
		5B304A1C2B6505DA00F46A21 /* Injector.swift in Sources */ = {isa = PBXBuildFile; fileRef = 5B304A1B2B6505DA00F46A21 /* Injector.swift */; };
		5B304A1E2B6505F900F46A21 /* InjectorModule.swift in Sources */ = {isa = PBXBuildFile; fileRef = 5B304A1D2B6505F900F46A21 /* InjectorModule.swift */; };
		5B304A202B65061F00F46A21 /* InjectorProvider.swift in Sources */ = {isa = PBXBuildFile; fileRef = 5B304A1F2B65061F00F46A21 /* InjectorProvider.swift */; };
		5B304A222B65065E00F46A21 /* PokedexInjectorProvider.swift in Sources */ = {isa = PBXBuildFile; fileRef = 5B304A212B65065E00F46A21 /* PokedexInjectorProvider.swift */; };
		5B304A242B65068500F46A21 /* PokedexModule.swift in Sources */ = {isa = PBXBuildFile; fileRef = 5B304A232B65068500F46A21 /* PokedexModule.swift */; };
		5B304A262B6506FA00F46A21 /* AppDelegate+Injections.swift in Sources */ = {isa = PBXBuildFile; fileRef = 5B304A252B6506FA00F46A21 /* AppDelegate+Injections.swift */; };
		5B304A2C2B650AEF00F46A21 /* PokedexView.swift in Sources */ = {isa = PBXBuildFile; fileRef = 5B304A2B2B650AEF00F46A21 /* PokedexView.swift */; };
		5B304A2E2B650B1300F46A21 /* PokedexConfigurator.swift in Sources */ = {isa = PBXBuildFile; fileRef = 5B304A2D2B650B1300F46A21 /* PokedexConfigurator.swift */; };
		5B304A302B650B7800F46A21 /* MainConfigurator.swift in Sources */ = {isa = PBXBuildFile; fileRef = 5B304A2F2B650B7800F46A21 /* MainConfigurator.swift */; };
		5B304A352B650BC000F46A21 /* NavigationController.swift in Sources */ = {isa = PBXBuildFile; fileRef = 5B304A342B650BC000F46A21 /* NavigationController.swift */; };
		5B304A382B650C0B00F46A21 /* HostingController.swift in Sources */ = {isa = PBXBuildFile; fileRef = 5B304A372B650C0B00F46A21 /* HostingController.swift */; };
		5B304A3E2B65BADA00F46A21 /* DatabaseManager.swift in Sources */ = {isa = PBXBuildFile; fileRef = 5B304A3D2B65BADA00F46A21 /* DatabaseManager.swift */; };
		5B304A412B6662B000F46A21 /* DataError.swift in Sources */ = {isa = PBXBuildFile; fileRef = 5B304A402B6662B000F46A21 /* DataError.swift */; };
		5B304A452B66636300F46A21 /* Environment.swift in Sources */ = {isa = PBXBuildFile; fileRef = 5B304A442B66636300F46A21 /* Environment.swift */; };
		5B304A472B66638D00F46A21 /* HttpConstants.swift in Sources */ = {isa = PBXBuildFile; fileRef = 5B304A462B66638D00F46A21 /* HttpConstants.swift */; };
		5B304A492B66648D00F46A21 /* URLRequestConvertible.swift in Sources */ = {isa = PBXBuildFile; fileRef = 5B304A482B66648D00F46A21 /* URLRequestConvertible.swift */; };
		5B304A4B2B6664AE00F46A21 /* URLRequest+Headers.swift in Sources */ = {isa = PBXBuildFile; fileRef = 5B304A4A2B6664AE00F46A21 /* URLRequest+Headers.swift */; };
		5B304A4D2B6664C600F46A21 /* RemoteDataSource.swift in Sources */ = {isa = PBXBuildFile; fileRef = 5B304A4C2B6664C600F46A21 /* RemoteDataSource.swift */; };
		5B304A512B66652700F46A21 /* Entity.swift in Sources */ = {isa = PBXBuildFile; fileRef = 5B304A502B66652700F46A21 /* Entity.swift */; };
		5B304A532B66653C00F46A21 /* EntityWithHEaders.swift in Sources */ = {isa = PBXBuildFile; fileRef = 5B304A522B66653C00F46A21 /* EntityWithHEaders.swift */; };
		5B304A562B66695E00F46A21 /* API.swift in Sources */ = {isa = PBXBuildFile; fileRef = 5B304A552B66695E00F46A21 /* API.swift */; };
		5B304A582B6669A400F46A21 /* PokeAPI.swift in Sources */ = {isa = PBXBuildFile; fileRef = 5B304A572B6669A400F46A21 /* PokeAPI.swift */; };
		5B304A5B2B666A0500F46A21 /* GetPokedexRequest.swift in Sources */ = {isa = PBXBuildFile; fileRef = 5B304A5A2B666A0500F46A21 /* GetPokedexRequest.swift */; };
		5B304A5F2B666A3300F46A21 /* Model.swift in Sources */ = {isa = PBXBuildFile; fileRef = 5B304A5E2B666A3300F46A21 /* Model.swift */; };
		5B304A612B666A6100F46A21 /* PokemonRegion.swift in Sources */ = {isa = PBXBuildFile; fileRef = 5B304A602B666A6100F46A21 /* PokemonRegion.swift */; };
		5B56D31D2B6FF1B4004874EC /* Localizable.strings in Resources */ = {isa = PBXBuildFile; fileRef = 5B56D31F2B6FF1B4004874EC /* Localizable.strings */; };
		5B56D3262B6FF602004874EC /* Assets+Generated.swift in Sources */ = {isa = PBXBuildFile; fileRef = 5B56D3222B6FF602004874EC /* Assets+Generated.swift */; };
		5B56D3272B6FF602004874EC /* Fonts+Generated.swift in Sources */ = {isa = PBXBuildFile; fileRef = 5B56D3232B6FF602004874EC /* Fonts+Generated.swift */; };
		5B56D3282B6FF602004874EC /* Colors+Generated.swift in Sources */ = {isa = PBXBuildFile; fileRef = 5B56D3242B6FF602004874EC /* Colors+Generated.swift */; };
		5B56D3292B6FF602004874EC /* Strings+Generated.swift in Sources */ = {isa = PBXBuildFile; fileRef = 5B56D3252B6FF602004874EC /* Strings+Generated.swift */; };
		5B56D32B2B70098D004874EC /* PokedexPresenter.swift in Sources */ = {isa = PBXBuildFile; fileRef = 5B56D32A2B70098D004874EC /* PokedexPresenter.swift */; };
		5B56D32D2B7009C6004874EC /* PokedexRouter.swift in Sources */ = {isa = PBXBuildFile; fileRef = 5B56D32C2B7009C6004874EC /* PokedexRouter.swift */; };
		5B56D32F2B7009FD004874EC /* MockPokedexPresenter.swift in Sources */ = {isa = PBXBuildFile; fileRef = 5B56D32E2B7009FD004874EC /* MockPokedexPresenter.swift */; };
		5B56D3332B700A2F004874EC /* PokemonViewModel.swift in Sources */ = {isa = PBXBuildFile; fileRef = 5B56D3322B700A2F004874EC /* PokemonViewModel.swift */; };
		5B56D3382B700A98004874EC /* PokemonViewModelMapper.swift in Sources */ = {isa = PBXBuildFile; fileRef = 5B56D3372B700A98004874EC /* PokemonViewModelMapper.swift */; };
		5B56D33A2B700AC5004874EC /* PokemonCardViewModel.swift in Sources */ = {isa = PBXBuildFile; fileRef = 5B56D3392B700AC5004874EC /* PokemonCardViewModel.swift */; };
		5B56D33C2B700AD3004874EC /* PokemonCard.swift in Sources */ = {isa = PBXBuildFile; fileRef = 5B56D33B2B700AD3004874EC /* PokemonCard.swift */; };
		5B56D33F2B700B2F004874EC /* DevicesPreview.swift in Sources */ = {isa = PBXBuildFile; fileRef = 5B56D33E2B700B2F004874EC /* DevicesPreview.swift */; };
		5B56D3422B700C41004874EC /* Image+Kingfisher.swift in Sources */ = {isa = PBXBuildFile; fileRef = 5B56D3412B700C41004874EC /* Image+Kingfisher.swift */; };
		5B56D3442B700CC1004874EC /* String+Ext.swift in Sources */ = {isa = PBXBuildFile; fileRef = 5B56D3432B700CC1004874EC /* String+Ext.swift */; };
		5B56D3462B701405004874EC /* PokedexContentView.swift in Sources */ = {isa = PBXBuildFile; fileRef = 5B56D3452B701405004874EC /* PokedexContentView.swift */; };
		5B56D3492B7017B8004874EC /* HapticManager.swift in Sources */ = {isa = PBXBuildFile; fileRef = 5B56D3482B7017B8004874EC /* HapticManager.swift */; };
		5B56D34C2B701A1F004874EC /* Toolbar.swift in Sources */ = {isa = PBXBuildFile; fileRef = 5B56D34B2B701A1F004874EC /* Toolbar.swift */; };
		5B56D34E2B701A63004874EC /* MainLogoToolbar.swift in Sources */ = {isa = PBXBuildFile; fileRef = 5B56D34D2B701A63004874EC /* MainLogoToolbar.swift */; };
		5B56D3502B701AB3004874EC /* NavigationToolbar.swift in Sources */ = {isa = PBXBuildFile; fileRef = 5B56D34F2B701AB3004874EC /* NavigationToolbar.swift */; };
		5B56D3522B701AD3004874EC /* Assets+System.swift in Sources */ = {isa = PBXBuildFile; fileRef = 5B56D3512B701AD3004874EC /* Assets+System.swift */; };
		5B56D3562B701B6B004874EC /* Theme+Toolbar.swift in Sources */ = {isa = PBXBuildFile; fileRef = 5B56D3552B701B6B004874EC /* Theme+Toolbar.swift */; };
		5B89C8BB2B6FA6A800E0164A /* PokemonMapper.swift in Sources */ = {isa = PBXBuildFile; fileRef = 5B89C8B92B6FA6A800E0164A /* PokemonMapper.swift */; };
		5B89C8BC2B6FA6A800E0164A /* PokemonDetailMapper.swift in Sources */ = {isa = PBXBuildFile; fileRef = 5B89C8BA2B6FA6A800E0164A /* PokemonDetailMapper.swift */; };
		5B89C8C02B6FA6CE00E0164A /* GetPokedexError.swift in Sources */ = {isa = PBXBuildFile; fileRef = 5B89C8BE2B6FA6CE00E0164A /* GetPokedexError.swift */; };
		5B89C8C12B6FA6CE00E0164A /* GetPokemonDetailError.swift in Sources */ = {isa = PBXBuildFile; fileRef = 5B89C8BF2B6FA6CE00E0164A /* GetPokemonDetailError.swift */; };
		5B89C8C42B6FA73A00E0164A /* GetPokedexErrorMapper.swift in Sources */ = {isa = PBXBuildFile; fileRef = 5B89C8C32B6FA73A00E0164A /* GetPokedexErrorMapper.swift */; };
		5B89C8C62B6FA75100E0164A /* GetPokemonDetailErrorMapper.swift in Sources */ = {isa = PBXBuildFile; fileRef = 5B89C8C52B6FA75100E0164A /* GetPokemonDetailErrorMapper.swift */; };
		5B89C8CA2B6FA79400E0164A /* GetPokemonDetailInteractor.swift in Sources */ = {isa = PBXBuildFile; fileRef = 5B89C8C82B6FA79400E0164A /* GetPokemonDetailInteractor.swift */; };
		5B89C8CB2B6FA79400E0164A /* GetPokedexInteractor.swift in Sources */ = {isa = PBXBuildFile; fileRef = 5B89C8C92B6FA79400E0164A /* GetPokedexInteractor.swift */; };
		5B89C8D62B6FAB7E00E0164A /* Colors.xcassets in Resources */ = {isa = PBXBuildFile; fileRef = 5B89C8D52B6FAB7E00E0164A /* Colors.xcassets */; };
		5B89C8DA2B6FABC700E0164A /* Theme.swift in Sources */ = {isa = PBXBuildFile; fileRef = 5B89C8D92B6FABC700E0164A /* Theme.swift */; };
		5B89C8DC2B6FABE000E0164A /* Font.swift in Sources */ = {isa = PBXBuildFile; fileRef = 5B89C8DB2B6FABE000E0164A /* Font.swift */; };
		5B89C8DE2B6FAC0D00E0164A /* Spacing.swift in Sources */ = {isa = PBXBuildFile; fileRef = 5B89C8DD2B6FAC0C00E0164A /* Spacing.swift */; };
		5B89C8E02B6FAC1C00E0164A /* Radius.swift in Sources */ = {isa = PBXBuildFile; fileRef = 5B89C8DF2B6FAC1C00E0164A /* Radius.swift */; };
		5B89C8E72B6FADCF00E0164A /* OpenSans-Bold.ttf in Resources */ = {isa = PBXBuildFile; fileRef = 5B89C8D12B6FAB3D00E0164A /* OpenSans-Bold.ttf */; };
		5B89C8E82B6FADCF00E0164A /* OpenSans-BoldItalic.ttf in Resources */ = {isa = PBXBuildFile; fileRef = 5B89C8CE2B6FAB3D00E0164A /* OpenSans-BoldItalic.ttf */; };
		5B89C8E92B6FADCF00E0164A /* OpenSans-Italic.ttf in Resources */ = {isa = PBXBuildFile; fileRef = 5B89C8D32B6FAB3D00E0164A /* OpenSans-Italic.ttf */; };
		5B89C8EA2B6FADCF00E0164A /* OpenSans-Regular.ttf in Resources */ = {isa = PBXBuildFile; fileRef = 5B89C8CF2B6FAB3D00E0164A /* OpenSans-Regular.ttf */; };
		5B89C8EB2B6FADCF00E0164A /* OpenSans-SemiBold.ttf in Resources */ = {isa = PBXBuildFile; fileRef = 5B89C8D02B6FAB3D00E0164A /* OpenSans-SemiBold.ttf */; };
		5B89C8EC2B6FADCF00E0164A /* OpenSans-SemiBoldItalic.ttf in Resources */ = {isa = PBXBuildFile; fileRef = 5B89C8D22B6FAB3D00E0164A /* OpenSans-SemiBoldItalic.ttf */; };
		5BDCE2E92B6D7B2200E703FC /* PokemonRepository.swift in Sources */ = {isa = PBXBuildFile; fileRef = 5BDCE2E82B6D7B2200E703FC /* PokemonRepository.swift */; };
		5BDCE2EB2B6D7CE000E703FC /* Pokemon.swift in Sources */ = {isa = PBXBuildFile; fileRef = 5BDCE2EA2B6D7CE000E703FC /* Pokemon.swift */; };
		5BDCE2ED2B6D7E3A00E703FC /* PokemonDetail.swift in Sources */ = {isa = PBXBuildFile; fileRef = 5BDCE2EC2B6D7E3A00E703FC /* PokemonDetail.swift */; };
		5BDCE2EF2B6D7E5D00E703FC /* PokemonType.swift in Sources */ = {isa = PBXBuildFile; fileRef = 5BDCE2EE2B6D7E5D00E703FC /* PokemonType.swift */; };
		5BDCE2F12B6D7E7600E703FC /* PokemoStat.swift in Sources */ = {isa = PBXBuildFile; fileRef = 5BDCE2F02B6D7E7600E703FC /* PokemoStat.swift */; };
		5BDCE2F32B6D8C5B00E703FC /* PokemonEntryEntity.swift in Sources */ = {isa = PBXBuildFile; fileRef = 5BDCE2F22B6D8C5B00E703FC /* PokemonEntryEntity.swift */; };
		5BF9C4CF2B699F6600434B9E /* PokemonRemoteDataSource.swift in Sources */ = {isa = PBXBuildFile; fileRef = 5BF9C4CE2B699F6600434B9E /* PokemonRemoteDataSource.swift */; };
		5BF9C4D12B69A03100434B9E /* PokedexEntity.swift in Sources */ = {isa = PBXBuildFile; fileRef = 5BF9C4D02B69A03100434B9E /* PokedexEntity.swift */; };
		5BF9C4D32B69A04200434B9E /* PokemonEntity.swift in Sources */ = {isa = PBXBuildFile; fileRef = 5BF9C4D22B69A04200434B9E /* PokemonEntity.swift */; };
		5BF9C4D52B69A04B00434B9E /* PokemonDetailEntity.swift in Sources */ = {isa = PBXBuildFile; fileRef = 5BF9C4D42B69A04B00434B9E /* PokemonDetailEntity.swift */; };
		62CD4B5F44C66F6CFBE6F03B /* Pods_PokedexTests.framework in Frameworks */ = {isa = PBXBuildFile; fileRef = E95EFE672ED61C8182E0B560 /* Pods_PokedexTests.framework */; };
		AA5877EF0F6B962E4BD7E066 /* Pods_Pokedex.framework in Frameworks */ = {isa = PBXBuildFile; fileRef = FADE67D7972E04C72E69C870 /* Pods_Pokedex.framework */; };
/* End PBXBuildFile section */

/* Begin PBXContainerItemProxy section */
		5B3049EA2B642E6C00F46A21 /* PBXContainerItemProxy */ = {
			isa = PBXContainerItemProxy;
			containerPortal = 5B3049C82B642E6B00F46A21 /* Project object */;
			proxyType = 1;
			remoteGlobalIDString = 5B3049CF2B642E6B00F46A21;
			remoteInfo = Pokedex;
		};
		5B3049F42B642E6C00F46A21 /* PBXContainerItemProxy */ = {
			isa = PBXContainerItemProxy;
			containerPortal = 5B3049C82B642E6B00F46A21 /* Project object */;
			proxyType = 1;
			remoteGlobalIDString = 5B3049CF2B642E6B00F46A21;
			remoteInfo = Pokedex;
		};
/* End PBXContainerItemProxy section */

/* Begin PBXFileReference section */
		023B52B86EBA71651CB51F03 /* Pods-PokedexTests.debug.xcconfig */ = {isa = PBXFileReference; includeInIndex = 1; lastKnownFileType = text.xcconfig; name = "Pods-PokedexTests.debug.xcconfig"; path = "Target Support Files/Pods-PokedexTests/Pods-PokedexTests.debug.xcconfig"; sourceTree = "<group>"; };
		427D3BD8B406585D121AAA84 /* Pods-PokedexTests.release.xcconfig */ = {isa = PBXFileReference; includeInIndex = 1; lastKnownFileType = text.xcconfig; name = "Pods-PokedexTests.release.xcconfig"; path = "Target Support Files/Pods-PokedexTests/Pods-PokedexTests.release.xcconfig"; sourceTree = "<group>"; };
		5B3049D02B642E6B00F46A21 /* Pokedex.app */ = {isa = PBXFileReference; explicitFileType = wrapper.application; includeInIndex = 0; path = Pokedex.app; sourceTree = BUILT_PRODUCTS_DIR; };
		5B3049D32B642E6B00F46A21 /* AppDelegate.swift */ = {isa = PBXFileReference; lastKnownFileType = sourcecode.swift; path = AppDelegate.swift; sourceTree = "<group>"; };
		5B3049D52B642E6B00F46A21 /* SceneDelegate.swift */ = {isa = PBXFileReference; lastKnownFileType = sourcecode.swift; path = SceneDelegate.swift; sourceTree = "<group>"; };
		5B3049DD2B642E6B00F46A21 /* Pokedex.xcdatamodel */ = {isa = PBXFileReference; lastKnownFileType = wrapper.xcdatamodel; path = Pokedex.xcdatamodel; sourceTree = "<group>"; };
		5B3049DF2B642E6C00F46A21 /* Assets.xcassets */ = {isa = PBXFileReference; lastKnownFileType = folder.assetcatalog; path = Assets.xcassets; sourceTree = "<group>"; };
		5B3049E22B642E6C00F46A21 /* Base */ = {isa = PBXFileReference; lastKnownFileType = file.storyboard; name = Base; path = Base.lproj/LaunchScreen.storyboard; sourceTree = "<group>"; };
		5B3049E42B642E6C00F46A21 /* Info.plist */ = {isa = PBXFileReference; lastKnownFileType = text.plist.xml; path = Info.plist; sourceTree = "<group>"; };
		5B3049E92B642E6C00F46A21 /* PokedexTests.xctest */ = {isa = PBXFileReference; explicitFileType = wrapper.cfbundle; includeInIndex = 0; path = PokedexTests.xctest; sourceTree = BUILT_PRODUCTS_DIR; };
		5B3049ED2B642E6C00F46A21 /* PokedexTests.swift */ = {isa = PBXFileReference; lastKnownFileType = sourcecode.swift; path = PokedexTests.swift; sourceTree = "<group>"; };
		5B3049F32B642E6C00F46A21 /* PokedexUITests.xctest */ = {isa = PBXFileReference; explicitFileType = wrapper.cfbundle; includeInIndex = 0; path = PokedexUITests.xctest; sourceTree = BUILT_PRODUCTS_DIR; };
		5B3049F72B642E6C00F46A21 /* PokedexUITests.swift */ = {isa = PBXFileReference; lastKnownFileType = sourcecode.swift; path = PokedexUITests.swift; sourceTree = "<group>"; };
		5B3049F92B642E6C00F46A21 /* PokedexUITestsLaunchTests.swift */ = {isa = PBXFileReference; lastKnownFileType = sourcecode.swift; path = PokedexUITestsLaunchTests.swift; sourceTree = "<group>"; };
		5B304A1B2B6505DA00F46A21 /* Injector.swift */ = {isa = PBXFileReference; lastKnownFileType = sourcecode.swift; path = Injector.swift; sourceTree = "<group>"; };
		5B304A1D2B6505F900F46A21 /* InjectorModule.swift */ = {isa = PBXFileReference; lastKnownFileType = sourcecode.swift; path = InjectorModule.swift; sourceTree = "<group>"; };
		5B304A1F2B65061F00F46A21 /* InjectorProvider.swift */ = {isa = PBXFileReference; lastKnownFileType = sourcecode.swift; path = InjectorProvider.swift; sourceTree = "<group>"; };
		5B304A212B65065E00F46A21 /* PokedexInjectorProvider.swift */ = {isa = PBXFileReference; lastKnownFileType = sourcecode.swift; path = PokedexInjectorProvider.swift; sourceTree = "<group>"; };
		5B304A232B65068500F46A21 /* PokedexModule.swift */ = {isa = PBXFileReference; lastKnownFileType = sourcecode.swift; path = PokedexModule.swift; sourceTree = "<group>"; };
		5B304A252B6506FA00F46A21 /* AppDelegate+Injections.swift */ = {isa = PBXFileReference; lastKnownFileType = sourcecode.swift; path = "AppDelegate+Injections.swift"; sourceTree = "<group>"; };
		5B304A2B2B650AEF00F46A21 /* PokedexView.swift */ = {isa = PBXFileReference; lastKnownFileType = sourcecode.swift; path = PokedexView.swift; sourceTree = "<group>"; };
		5B304A2D2B650B1300F46A21 /* PokedexConfigurator.swift */ = {isa = PBXFileReference; lastKnownFileType = sourcecode.swift; path = PokedexConfigurator.swift; sourceTree = "<group>"; };
		5B304A2F2B650B7800F46A21 /* MainConfigurator.swift */ = {isa = PBXFileReference; lastKnownFileType = sourcecode.swift; path = MainConfigurator.swift; sourceTree = "<group>"; };
		5B304A342B650BC000F46A21 /* NavigationController.swift */ = {isa = PBXFileReference; lastKnownFileType = sourcecode.swift; path = NavigationController.swift; sourceTree = "<group>"; };
		5B304A372B650C0B00F46A21 /* HostingController.swift */ = {isa = PBXFileReference; lastKnownFileType = sourcecode.swift; path = HostingController.swift; sourceTree = "<group>"; };
		5B304A3D2B65BADA00F46A21 /* DatabaseManager.swift */ = {isa = PBXFileReference; lastKnownFileType = sourcecode.swift; path = DatabaseManager.swift; sourceTree = "<group>"; };
		5B304A402B6662B000F46A21 /* DataError.swift */ = {isa = PBXFileReference; lastKnownFileType = sourcecode.swift; path = DataError.swift; sourceTree = "<group>"; };
		5B304A442B66636300F46A21 /* Environment.swift */ = {isa = PBXFileReference; lastKnownFileType = sourcecode.swift; path = Environment.swift; sourceTree = "<group>"; };
		5B304A462B66638D00F46A21 /* HttpConstants.swift */ = {isa = PBXFileReference; lastKnownFileType = sourcecode.swift; path = HttpConstants.swift; sourceTree = "<group>"; };
		5B304A482B66648D00F46A21 /* URLRequestConvertible.swift */ = {isa = PBXFileReference; lastKnownFileType = sourcecode.swift; path = URLRequestConvertible.swift; sourceTree = "<group>"; };
		5B304A4A2B6664AE00F46A21 /* URLRequest+Headers.swift */ = {isa = PBXFileReference; lastKnownFileType = sourcecode.swift; path = "URLRequest+Headers.swift"; sourceTree = "<group>"; };
		5B304A4C2B6664C600F46A21 /* RemoteDataSource.swift */ = {isa = PBXFileReference; lastKnownFileType = sourcecode.swift; path = RemoteDataSource.swift; sourceTree = "<group>"; };
		5B304A502B66652700F46A21 /* Entity.swift */ = {isa = PBXFileReference; lastKnownFileType = sourcecode.swift; path = Entity.swift; sourceTree = "<group>"; };
		5B304A522B66653C00F46A21 /* EntityWithHEaders.swift */ = {isa = PBXFileReference; lastKnownFileType = sourcecode.swift; path = EntityWithHEaders.swift; sourceTree = "<group>"; };
		5B304A552B66695E00F46A21 /* API.swift */ = {isa = PBXFileReference; lastKnownFileType = sourcecode.swift; path = API.swift; sourceTree = "<group>"; };
		5B304A572B6669A400F46A21 /* PokeAPI.swift */ = {isa = PBXFileReference; lastKnownFileType = sourcecode.swift; path = PokeAPI.swift; sourceTree = "<group>"; };
		5B304A5A2B666A0500F46A21 /* GetPokedexRequest.swift */ = {isa = PBXFileReference; lastKnownFileType = sourcecode.swift; path = GetPokedexRequest.swift; sourceTree = "<group>"; };
		5B304A5E2B666A3300F46A21 /* Model.swift */ = {isa = PBXFileReference; lastKnownFileType = sourcecode.swift; path = Model.swift; sourceTree = "<group>"; };
		5B304A602B666A6100F46A21 /* PokemonRegion.swift */ = {isa = PBXFileReference; lastKnownFileType = sourcecode.swift; path = PokemonRegion.swift; sourceTree = "<group>"; };
		5B56D31A2B6FEF57004874EC /* es */ = {isa = PBXFileReference; lastKnownFileType = text.plist.strings; name = es; path = es.lproj/LaunchScreen.strings; sourceTree = "<group>"; };
		5B56D31E2B6FF1B4004874EC /* en */ = {isa = PBXFileReference; lastKnownFileType = text.plist.strings; name = en; path = en.lproj/Localizable.strings; sourceTree = "<group>"; };
		5B56D3202B6FF1B6004874EC /* es */ = {isa = PBXFileReference; lastKnownFileType = text.plist.strings; name = es; path = es.lproj/Localizable.strings; sourceTree = "<group>"; };
		5B56D3222B6FF602004874EC /* Assets+Generated.swift */ = {isa = PBXFileReference; fileEncoding = 4; lastKnownFileType = sourcecode.swift; path = "Assets+Generated.swift"; sourceTree = "<group>"; };
		5B56D3232B6FF602004874EC /* Fonts+Generated.swift */ = {isa = PBXFileReference; fileEncoding = 4; lastKnownFileType = sourcecode.swift; path = "Fonts+Generated.swift"; sourceTree = "<group>"; };
		5B56D3242B6FF602004874EC /* Colors+Generated.swift */ = {isa = PBXFileReference; fileEncoding = 4; lastKnownFileType = sourcecode.swift; path = "Colors+Generated.swift"; sourceTree = "<group>"; };
		5B56D3252B6FF602004874EC /* Strings+Generated.swift */ = {isa = PBXFileReference; fileEncoding = 4; lastKnownFileType = sourcecode.swift; path = "Strings+Generated.swift"; sourceTree = "<group>"; };
		5B56D32A2B70098D004874EC /* PokedexPresenter.swift */ = {isa = PBXFileReference; lastKnownFileType = sourcecode.swift; path = PokedexPresenter.swift; sourceTree = "<group>"; };
		5B56D32C2B7009C6004874EC /* PokedexRouter.swift */ = {isa = PBXFileReference; lastKnownFileType = sourcecode.swift; path = PokedexRouter.swift; sourceTree = "<group>"; };
		5B56D32E2B7009FD004874EC /* MockPokedexPresenter.swift */ = {isa = PBXFileReference; lastKnownFileType = sourcecode.swift; path = MockPokedexPresenter.swift; sourceTree = "<group>"; };
		5B56D3322B700A2F004874EC /* PokemonViewModel.swift */ = {isa = PBXFileReference; lastKnownFileType = sourcecode.swift; path = PokemonViewModel.swift; sourceTree = "<group>"; };
		5B56D3372B700A98004874EC /* PokemonViewModelMapper.swift */ = {isa = PBXFileReference; lastKnownFileType = sourcecode.swift; path = PokemonViewModelMapper.swift; sourceTree = "<group>"; };
		5B56D3392B700AC5004874EC /* PokemonCardViewModel.swift */ = {isa = PBXFileReference; lastKnownFileType = sourcecode.swift; path = PokemonCardViewModel.swift; sourceTree = "<group>"; };
		5B56D33B2B700AD3004874EC /* PokemonCard.swift */ = {isa = PBXFileReference; lastKnownFileType = sourcecode.swift; path = PokemonCard.swift; sourceTree = "<group>"; };
		5B56D33E2B700B2F004874EC /* DevicesPreview.swift */ = {isa = PBXFileReference; lastKnownFileType = sourcecode.swift; path = DevicesPreview.swift; sourceTree = "<group>"; };
		5B56D3412B700C41004874EC /* Image+Kingfisher.swift */ = {isa = PBXFileReference; lastKnownFileType = sourcecode.swift; path = "Image+Kingfisher.swift"; sourceTree = "<group>"; };
		5B56D3432B700CC1004874EC /* String+Ext.swift */ = {isa = PBXFileReference; lastKnownFileType = sourcecode.swift; path = "String+Ext.swift"; sourceTree = "<group>"; };
		5B56D3452B701405004874EC /* PokedexContentView.swift */ = {isa = PBXFileReference; lastKnownFileType = sourcecode.swift; path = PokedexContentView.swift; sourceTree = "<group>"; };
		5B56D3482B7017B8004874EC /* HapticManager.swift */ = {isa = PBXFileReference; lastKnownFileType = sourcecode.swift; path = HapticManager.swift; sourceTree = "<group>"; };
		5B56D34B2B701A1F004874EC /* Toolbar.swift */ = {isa = PBXFileReference; lastKnownFileType = sourcecode.swift; path = Toolbar.swift; sourceTree = "<group>"; };
		5B56D34D2B701A63004874EC /* MainLogoToolbar.swift */ = {isa = PBXFileReference; lastKnownFileType = sourcecode.swift; path = MainLogoToolbar.swift; sourceTree = "<group>"; };
		5B56D34F2B701AB3004874EC /* NavigationToolbar.swift */ = {isa = PBXFileReference; lastKnownFileType = sourcecode.swift; path = NavigationToolbar.swift; sourceTree = "<group>"; };
		5B56D3512B701AD3004874EC /* Assets+System.swift */ = {isa = PBXFileReference; lastKnownFileType = sourcecode.swift; path = "Assets+System.swift"; sourceTree = "<group>"; };
		5B56D3552B701B6B004874EC /* Theme+Toolbar.swift */ = {isa = PBXFileReference; lastKnownFileType = sourcecode.swift; path = "Theme+Toolbar.swift"; sourceTree = "<group>"; };
		5B89C8B92B6FA6A800E0164A /* PokemonMapper.swift */ = {isa = PBXFileReference; fileEncoding = 4; lastKnownFileType = sourcecode.swift; path = PokemonMapper.swift; sourceTree = "<group>"; };
		5B89C8BA2B6FA6A800E0164A /* PokemonDetailMapper.swift */ = {isa = PBXFileReference; fileEncoding = 4; lastKnownFileType = sourcecode.swift; path = PokemonDetailMapper.swift; sourceTree = "<group>"; };
		5B89C8BE2B6FA6CE00E0164A /* GetPokedexError.swift */ = {isa = PBXFileReference; fileEncoding = 4; lastKnownFileType = sourcecode.swift; path = GetPokedexError.swift; sourceTree = "<group>"; };
		5B89C8BF2B6FA6CE00E0164A /* GetPokemonDetailError.swift */ = {isa = PBXFileReference; fileEncoding = 4; lastKnownFileType = sourcecode.swift; path = GetPokemonDetailError.swift; sourceTree = "<group>"; };
		5B89C8C32B6FA73A00E0164A /* GetPokedexErrorMapper.swift */ = {isa = PBXFileReference; fileEncoding = 4; lastKnownFileType = sourcecode.swift; path = GetPokedexErrorMapper.swift; sourceTree = "<group>"; };
		5B89C8C52B6FA75100E0164A /* GetPokemonDetailErrorMapper.swift */ = {isa = PBXFileReference; lastKnownFileType = sourcecode.swift; path = GetPokemonDetailErrorMapper.swift; sourceTree = "<group>"; };
		5B89C8C82B6FA79400E0164A /* GetPokemonDetailInteractor.swift */ = {isa = PBXFileReference; fileEncoding = 4; lastKnownFileType = sourcecode.swift; path = GetPokemonDetailInteractor.swift; sourceTree = "<group>"; };
		5B89C8C92B6FA79400E0164A /* GetPokedexInteractor.swift */ = {isa = PBXFileReference; fileEncoding = 4; lastKnownFileType = sourcecode.swift; path = GetPokedexInteractor.swift; sourceTree = "<group>"; };
		5B89C8CE2B6FAB3D00E0164A /* OpenSans-BoldItalic.ttf */ = {isa = PBXFileReference; lastKnownFileType = file; path = "OpenSans-BoldItalic.ttf"; sourceTree = "<group>"; };
		5B89C8CF2B6FAB3D00E0164A /* OpenSans-Regular.ttf */ = {isa = PBXFileReference; lastKnownFileType = file; path = "OpenSans-Regular.ttf"; sourceTree = "<group>"; };
		5B89C8D02B6FAB3D00E0164A /* OpenSans-SemiBold.ttf */ = {isa = PBXFileReference; lastKnownFileType = file; path = "OpenSans-SemiBold.ttf"; sourceTree = "<group>"; };
		5B89C8D12B6FAB3D00E0164A /* OpenSans-Bold.ttf */ = {isa = PBXFileReference; lastKnownFileType = file; path = "OpenSans-Bold.ttf"; sourceTree = "<group>"; };
		5B89C8D22B6FAB3D00E0164A /* OpenSans-SemiBoldItalic.ttf */ = {isa = PBXFileReference; lastKnownFileType = file; path = "OpenSans-SemiBoldItalic.ttf"; sourceTree = "<group>"; };
		5B89C8D32B6FAB3D00E0164A /* OpenSans-Italic.ttf */ = {isa = PBXFileReference; lastKnownFileType = file; path = "OpenSans-Italic.ttf"; sourceTree = "<group>"; };
		5B89C8D52B6FAB7E00E0164A /* Colors.xcassets */ = {isa = PBXFileReference; lastKnownFileType = folder.assetcatalog; path = Colors.xcassets; sourceTree = "<group>"; };
		5B89C8D92B6FABC700E0164A /* Theme.swift */ = {isa = PBXFileReference; lastKnownFileType = sourcecode.swift; path = Theme.swift; sourceTree = "<group>"; };
		5B89C8DB2B6FABE000E0164A /* Font.swift */ = {isa = PBXFileReference; lastKnownFileType = sourcecode.swift; path = Font.swift; sourceTree = "<group>"; };
		5B89C8DD2B6FAC0C00E0164A /* Spacing.swift */ = {isa = PBXFileReference; lastKnownFileType = sourcecode.swift; path = Spacing.swift; sourceTree = "<group>"; };
		5B89C8DF2B6FAC1C00E0164A /* Radius.swift */ = {isa = PBXFileReference; lastKnownFileType = sourcecode.swift; path = Radius.swift; sourceTree = "<group>"; };
		5BDCE2E82B6D7B2200E703FC /* PokemonRepository.swift */ = {isa = PBXFileReference; lastKnownFileType = sourcecode.swift; path = PokemonRepository.swift; sourceTree = "<group>"; };
		5BDCE2EA2B6D7CE000E703FC /* Pokemon.swift */ = {isa = PBXFileReference; lastKnownFileType = sourcecode.swift; path = Pokemon.swift; sourceTree = "<group>"; };
		5BDCE2EC2B6D7E3A00E703FC /* PokemonDetail.swift */ = {isa = PBXFileReference; lastKnownFileType = sourcecode.swift; path = PokemonDetail.swift; sourceTree = "<group>"; };
		5BDCE2EE2B6D7E5D00E703FC /* PokemonType.swift */ = {isa = PBXFileReference; lastKnownFileType = sourcecode.swift; path = PokemonType.swift; sourceTree = "<group>"; };
		5BDCE2F02B6D7E7600E703FC /* PokemoStat.swift */ = {isa = PBXFileReference; lastKnownFileType = sourcecode.swift; path = PokemoStat.swift; sourceTree = "<group>"; };
		5BDCE2F22B6D8C5B00E703FC /* PokemonEntryEntity.swift */ = {isa = PBXFileReference; lastKnownFileType = sourcecode.swift; path = PokemonEntryEntity.swift; sourceTree = "<group>"; };
		5BF9C4CE2B699F6600434B9E /* PokemonRemoteDataSource.swift */ = {isa = PBXFileReference; lastKnownFileType = sourcecode.swift; path = PokemonRemoteDataSource.swift; sourceTree = "<group>"; };
		5BF9C4D02B69A03100434B9E /* PokedexEntity.swift */ = {isa = PBXFileReference; lastKnownFileType = sourcecode.swift; path = PokedexEntity.swift; sourceTree = "<group>"; };
		5BF9C4D22B69A04200434B9E /* PokemonEntity.swift */ = {isa = PBXFileReference; lastKnownFileType = sourcecode.swift; path = PokemonEntity.swift; sourceTree = "<group>"; };
		5BF9C4D42B69A04B00434B9E /* PokemonDetailEntity.swift */ = {isa = PBXFileReference; lastKnownFileType = sourcecode.swift; path = PokemonDetailEntity.swift; sourceTree = "<group>"; };
		8C20610E979282CF669E0992 /* Pods-Pokedex.debug.xcconfig */ = {isa = PBXFileReference; includeInIndex = 1; lastKnownFileType = text.xcconfig; name = "Pods-Pokedex.debug.xcconfig"; path = "Target Support Files/Pods-Pokedex/Pods-Pokedex.debug.xcconfig"; sourceTree = "<group>"; };
		B32B5ECE9BDE9BD45E361BE3 /* Pods-Pokedex.release.xcconfig */ = {isa = PBXFileReference; includeInIndex = 1; lastKnownFileType = text.xcconfig; name = "Pods-Pokedex.release.xcconfig"; path = "Target Support Files/Pods-Pokedex/Pods-Pokedex.release.xcconfig"; sourceTree = "<group>"; };
		E95EFE672ED61C8182E0B560 /* Pods_PokedexTests.framework */ = {isa = PBXFileReference; explicitFileType = wrapper.framework; includeInIndex = 0; path = Pods_PokedexTests.framework; sourceTree = BUILT_PRODUCTS_DIR; };
		FADE67D7972E04C72E69C870 /* Pods_Pokedex.framework */ = {isa = PBXFileReference; explicitFileType = wrapper.framework; includeInIndex = 0; path = Pods_Pokedex.framework; sourceTree = BUILT_PRODUCTS_DIR; };
/* End PBXFileReference section */

/* Begin PBXFrameworksBuildPhase section */
		5B3049CD2B642E6B00F46A21 /* Frameworks */ = {
			isa = PBXFrameworksBuildPhase;
			buildActionMask = 2147483647;
			files = (
				5B304A0B2B6440AF00F46A21 /* Kingfisher in Frameworks */,
				AA5877EF0F6B962E4BD7E066 /* Pods_Pokedex.framework in Frameworks */,
				5B304A082B64405300F46A21 /* Swinject in Frameworks */,
			);
			runOnlyForDeploymentPostprocessing = 0;
		};
		5B3049E62B642E6C00F46A21 /* Frameworks */ = {
			isa = PBXFrameworksBuildPhase;
			buildActionMask = 2147483647;
			files = (
				62CD4B5F44C66F6CFBE6F03B /* Pods_PokedexTests.framework in Frameworks */,
			);
			runOnlyForDeploymentPostprocessing = 0;
		};
		5B3049F02B642E6C00F46A21 /* Frameworks */ = {
			isa = PBXFrameworksBuildPhase;
			buildActionMask = 2147483647;
			files = (
				5B304A0E2B64411600F46A21 /* SnapshotTesting in Frameworks */,
			);
			runOnlyForDeploymentPostprocessing = 0;
		};
/* End PBXFrameworksBuildPhase section */

/* Begin PBXGroup section */
		3273425E2C08321BF514465D /* Frameworks */ = {
			isa = PBXGroup;
			children = (
				FADE67D7972E04C72E69C870 /* Pods_Pokedex.framework */,
				E95EFE672ED61C8182E0B560 /* Pods_PokedexTests.framework */,
			);
			name = Frameworks;
			sourceTree = "<group>";
		};
		5809B7C5136FCF1A2758E139 /* Pods */ = {
			isa = PBXGroup;
			children = (
				8C20610E979282CF669E0992 /* Pods-Pokedex.debug.xcconfig */,
				B32B5ECE9BDE9BD45E361BE3 /* Pods-Pokedex.release.xcconfig */,
				023B52B86EBA71651CB51F03 /* Pods-PokedexTests.debug.xcconfig */,
				427D3BD8B406585D121AAA84 /* Pods-PokedexTests.release.xcconfig */,
			);
			path = Pods;
			sourceTree = "<group>";
		};
		5B3049C72B642E6B00F46A21 = {
			isa = PBXGroup;
			children = (
				5B3049D22B642E6B00F46A21 /* Pokedex */,
				5B3049EC2B642E6C00F46A21 /* PokedexTests */,
				5B3049F62B642E6C00F46A21 /* PokedexUITests */,
				5B3049D12B642E6B00F46A21 /* Products */,
				5809B7C5136FCF1A2758E139 /* Pods */,
				3273425E2C08321BF514465D /* Frameworks */,
			);
			sourceTree = "<group>";
		};
		5B3049D12B642E6B00F46A21 /* Products */ = {
			isa = PBXGroup;
			children = (
				5B3049D02B642E6B00F46A21 /* Pokedex.app */,
				5B3049E92B642E6C00F46A21 /* PokedexTests.xctest */,
				5B3049F32B642E6C00F46A21 /* PokedexUITests.xctest */,
			);
			name = Products;
			sourceTree = "<group>";
		};
		5B3049D22B642E6B00F46A21 /* Pokedex */ = {
			isa = PBXGroup;
			children = (
				5B304A122B64424700F46A21 /* Architecture */,
				5B304A0F2B6441CA00F46A21 /* Resources */,
			);
			path = Pokedex;
			sourceTree = "<group>";
		};
		5B3049EC2B642E6C00F46A21 /* PokedexTests */ = {
			isa = PBXGroup;
			children = (
				5B3049ED2B642E6C00F46A21 /* PokedexTests.swift */,
			);
			path = PokedexTests;
			sourceTree = "<group>";
		};
		5B3049F62B642E6C00F46A21 /* PokedexUITests */ = {
			isa = PBXGroup;
			children = (
				5B3049F72B642E6C00F46A21 /* PokedexUITests.swift */,
				5B3049F92B642E6C00F46A21 /* PokedexUITestsLaunchTests.swift */,
			);
			path = PokedexUITests;
			sourceTree = "<group>";
		};
		5B304A0F2B6441CA00F46A21 /* Resources */ = {
			isa = PBXGroup;
			children = (
				5B304A102B6441DB00F46A21 /* Design */,
				5B89C8E12B6FAC9700E0164A /* Languages */,
				5B56D3212B6FF5C4004874EC /* Generated */,
			);
			path = Resources;
			sourceTree = "<group>";
		};
		5B304A102B6441DB00F46A21 /* Design */ = {
			isa = PBXGroup;
			children = (
				5B89C8D72B6FABB500E0164A /* Theme */,
				5B304A112B6441E800F46A21 /* Assets */,
				5B89C8D42B6FAB6500E0164A /* Colors */,
				5B89C8CD2B6FAB3200E0164A /* Fonts */,
			);
			path = Design;
			sourceTree = "<group>";
		};
		5B304A112B6441E800F46A21 /* Assets */ = {
			isa = PBXGroup;
			children = (
				5B3049DF2B642E6C00F46A21 /* Assets.xcassets */,
				5B56D3512B701AD3004874EC /* Assets+System.swift */,
			);
			path = Assets;
			sourceTree = "<group>";
		};
		5B304A122B64424700F46A21 /* Architecture */ = {
			isa = PBXGroup;
			children = (
				5B56D3402B700C28004874EC /* Extensions */,
				5B304A272B650A9900F46A21 /* Presentation */,
				5B304A5C2B666A2400F46A21 /* Domain */,
				5B304A142B65036000F46A21 /* Data */,
				5B304A172B65055700F46A21 /* Application */,
				5B304A132B64425000F46A21 /* System */,
			);
			path = Architecture;
			sourceTree = "<group>";
		};
		5B304A132B64425000F46A21 /* System */ = {
			isa = PBXGroup;
			children = (
				5B3049D32B642E6B00F46A21 /* AppDelegate.swift */,
				5B3049D52B642E6B00F46A21 /* SceneDelegate.swift */,
				5B3049E12B642E6C00F46A21 /* LaunchScreen.storyboard */,
				5B3049E42B642E6C00F46A21 /* Info.plist */,
			);
			path = System;
			sourceTree = "<group>";
		};
		5B304A142B65036000F46A21 /* Data */ = {
			isa = PBXGroup;
			children = (
				5B304A4E2B66651A00F46A21 /* Entity */,
				5BDCE2E72B6D7B0A00E703FC /* Repository */,
				5B304A152B65036600F46A21 /* DataSource */,
			);
			path = Data;
			sourceTree = "<group>";
		};
		5B304A152B65036600F46A21 /* DataSource */ = {
			isa = PBXGroup;
			children = (
				5B304A3F2B66629800F46A21 /* Core */,
				5B304A422B6662CB00F46A21 /* Remote */,
				5B304A162B65036C00F46A21 /* Local */,
			);
			path = DataSource;
			sourceTree = "<group>";
		};
		5B304A162B65036C00F46A21 /* Local */ = {
			isa = PBXGroup;
			children = (
				5B3049DC2B642E6B00F46A21 /* Pokedex.xcdatamodeld */,
				5B304A3D2B65BADA00F46A21 /* DatabaseManager.swift */,
			);
			path = Local;
			sourceTree = "<group>";
		};
		5B304A172B65055700F46A21 /* Application */ = {
			isa = PBXGroup;
			children = (
				5B56D3472B7017A3004874EC /* HapticFeedback */,
				5B304A182B65059C00F46A21 /* DI */,
			);
			path = Application;
			sourceTree = "<group>";
		};
		5B304A182B65059C00F46A21 /* DI */ = {
			isa = PBXGroup;
			children = (
				5B304A1A2B6505AE00F46A21 /* Modules */,
				5B304A192B6505A900F46A21 /* Core */,
				5B304A252B6506FA00F46A21 /* AppDelegate+Injections.swift */,
			);
			path = DI;
			sourceTree = "<group>";
		};
		5B304A192B6505A900F46A21 /* Core */ = {
			isa = PBXGroup;
			children = (
				5B304A1B2B6505DA00F46A21 /* Injector.swift */,
				5B304A1D2B6505F900F46A21 /* InjectorModule.swift */,
				5B304A1F2B65061F00F46A21 /* InjectorProvider.swift */,
				5B304A212B65065E00F46A21 /* PokedexInjectorProvider.swift */,
			);
			path = Core;
			sourceTree = "<group>";
		};
		5B304A1A2B6505AE00F46A21 /* Modules */ = {
			isa = PBXGroup;
			children = (
				5B304A232B65068500F46A21 /* PokedexModule.swift */,
			);
			path = Modules;
			sourceTree = "<group>";
		};
		5B304A272B650A9900F46A21 /* Presentation */ = {
			isa = PBXGroup;
			children = (
				5B304A312B650BA100F46A21 /* UI */,
				5B304A282B650AA000F46A21 /* Module */,
			);
			path = Presentation;
			sourceTree = "<group>";
		};
		5B304A282B650AA000F46A21 /* Module */ = {
			isa = PBXGroup;
			children = (
				5B304A292B650AA600F46A21 /* Main */,
				5B304A2A2B650AAE00F46A21 /* Pokedex */,
			);
			path = Module;
			sourceTree = "<group>";
		};
		5B304A292B650AA600F46A21 /* Main */ = {
			isa = PBXGroup;
			children = (
				5B304A2F2B650B7800F46A21 /* MainConfigurator.swift */,
			);
			path = Main;
			sourceTree = "<group>";
		};
		5B304A2A2B650AAE00F46A21 /* Pokedex */ = {
			isa = PBXGroup;
			children = (
				5B56D3302B700A0B004874EC /* ViewModel */,
				5B56D3312B700A11004874EC /* View */,
				5B56D32E2B7009FD004874EC /* MockPokedexPresenter.swift */,
				5B56D32A2B70098D004874EC /* PokedexPresenter.swift */,
				5B304A2B2B650AEF00F46A21 /* PokedexView.swift */,
				5B56D32C2B7009C6004874EC /* PokedexRouter.swift */,
				5B304A2D2B650B1300F46A21 /* PokedexConfigurator.swift */,
			);
			path = Pokedex;
			sourceTree = "<group>";
		};
		5B304A312B650BA100F46A21 /* UI */ = {
			isa = PBXGroup;
			children = (
				5B56D33D2B700B25004874EC /* Preview */,
				5B304A322B650BA500F46A21 /* Core */,
				5B56D3342B700A6F004874EC /* Component */,
			);
			path = UI;
			sourceTree = "<group>";
		};
		5B304A322B650BA500F46A21 /* Core */ = {
			isa = PBXGroup;
			children = (
				5B304A362B650BFD00F46A21 /* Hosting */,
				5B304A332B650BB200F46A21 /* Navigation */,
				5B56D34A2B7019FE004874EC /* Toolbar */,
			);
			path = Core;
			sourceTree = "<group>";
		};
		5B304A332B650BB200F46A21 /* Navigation */ = {
			isa = PBXGroup;
			children = (
				5B304A342B650BC000F46A21 /* NavigationController.swift */,
			);
			path = Navigation;
			sourceTree = "<group>";
		};
		5B304A362B650BFD00F46A21 /* Hosting */ = {
			isa = PBXGroup;
			children = (
				5B304A372B650C0B00F46A21 /* HostingController.swift */,
			);
			path = Hosting;
			sourceTree = "<group>";
		};
		5B304A3F2B66629800F46A21 /* Core */ = {
			isa = PBXGroup;
			children = (
				5B304A402B6662B000F46A21 /* DataError.swift */,
			);
			path = Core;
			sourceTree = "<group>";
		};
		5B304A422B6662CB00F46A21 /* Remote */ = {
			isa = PBXGroup;
			children = (
				5B304A432B6662DA00F46A21 /* Core */,
				5B304A542B66694B00F46A21 /* API */,
				5B304A592B6669DE00F46A21 /* Request */,
				5BF9C4CE2B699F6600434B9E /* PokemonRemoteDataSource.swift */,
			);
			path = Remote;
			sourceTree = "<group>";
		};
		5B304A432B6662DA00F46A21 /* Core */ = {
			isa = PBXGroup;
			children = (
				5B304A442B66636300F46A21 /* Environment.swift */,
				5B304A462B66638D00F46A21 /* HttpConstants.swift */,
				5B304A482B66648D00F46A21 /* URLRequestConvertible.swift */,
				5B304A4A2B6664AE00F46A21 /* URLRequest+Headers.swift */,
				5B304A4C2B6664C600F46A21 /* RemoteDataSource.swift */,
			);
			path = Core;
			sourceTree = "<group>";
		};
		5B304A4E2B66651A00F46A21 /* Entity */ = {
			isa = PBXGroup;
			children = (
				5B304A4F2B66652000F46A21 /* Core */,
				5BF9C4D02B69A03100434B9E /* PokedexEntity.swift */,
				5BDCE2F22B6D8C5B00E703FC /* PokemonEntryEntity.swift */,
				5BF9C4D22B69A04200434B9E /* PokemonEntity.swift */,
				5BF9C4D42B69A04B00434B9E /* PokemonDetailEntity.swift */,
			);
			path = Entity;
			sourceTree = "<group>";
		};
		5B304A4F2B66652000F46A21 /* Core */ = {
			isa = PBXGroup;
			children = (
				5B304A502B66652700F46A21 /* Entity.swift */,
				5B304A522B66653C00F46A21 /* EntityWithHEaders.swift */,
			);
			path = Core;
			sourceTree = "<group>";
		};
		5B304A542B66694B00F46A21 /* API */ = {
			isa = PBXGroup;
			children = (
				5B304A552B66695E00F46A21 /* API.swift */,
				5BF9C4D62B69A15F00434B9E /* Pokemon */,
			);
			path = API;
			sourceTree = "<group>";
		};
		5B304A592B6669DE00F46A21 /* Request */ = {
			isa = PBXGroup;
			children = (
				5B304A5A2B666A0500F46A21 /* GetPokedexRequest.swift */,
			);
			path = Request;
			sourceTree = "<group>";
		};
		5B304A5C2B666A2400F46A21 /* Domain */ = {
			isa = PBXGroup;
			children = (
				5BF9C4D72B69A5D900434B9E /* Model */,
				5B89C8B82B6FA69200E0164A /* Mapper */,
				5B89C8C72B6FA77500E0164A /* Interactor */,
				5B89C8BD2B6FA6BC00E0164A /* Error */,
				5B89C8C22B6FA72200E0164A /* ErrorMapper */,
			);
			path = Domain;
			sourceTree = "<group>";
		};
		5B304A5D2B666A2C00F46A21 /* Core */ = {
			isa = PBXGroup;
			children = (
				5B304A5E2B666A3300F46A21 /* Model.swift */,
			);
			path = Core;
			sourceTree = "<group>";
		};
		5B56D3212B6FF5C4004874EC /* Generated */ = {
			isa = PBXGroup;
			children = (
				5B56D3222B6FF602004874EC /* Assets+Generated.swift */,
				5B56D3242B6FF602004874EC /* Colors+Generated.swift */,
				5B56D3232B6FF602004874EC /* Fonts+Generated.swift */,
				5B56D3252B6FF602004874EC /* Strings+Generated.swift */,
			);
			path = Generated;
			sourceTree = "<group>";
		};
		5B56D3302B700A0B004874EC /* ViewModel */ = {
			isa = PBXGroup;
			children = (
				5B56D3322B700A2F004874EC /* PokemonViewModel.swift */,
				5B56D3372B700A98004874EC /* PokemonViewModelMapper.swift */,
			);
			path = ViewModel;
			sourceTree = "<group>";
		};
		5B56D3312B700A11004874EC /* View */ = {
			isa = PBXGroup;
			children = (
				5B56D3452B701405004874EC /* PokedexContentView.swift */,
			);
			path = View;
			sourceTree = "<group>";
		};
		5B56D3342B700A6F004874EC /* Component */ = {
			isa = PBXGroup;
			children = (
				5B56D3362B700A85004874EC /* PokemonCard */,
			);
			path = Component;
			sourceTree = "<group>";
		};
		5B56D3362B700A85004874EC /* PokemonCard */ = {
			isa = PBXGroup;
			children = (
				5B56D3392B700AC5004874EC /* PokemonCardViewModel.swift */,
				5B56D33B2B700AD3004874EC /* PokemonCard.swift */,
			);
			path = PokemonCard;
			sourceTree = "<group>";
		};
		5B56D33D2B700B25004874EC /* Preview */ = {
			isa = PBXGroup;
			children = (
				5B56D33E2B700B2F004874EC /* DevicesPreview.swift */,
			);
			path = Preview;
			sourceTree = "<group>";
		};
		5B56D3402B700C28004874EC /* Extensions */ = {
			isa = PBXGroup;
			children = (
				5B56D3412B700C41004874EC /* Image+Kingfisher.swift */,
				5B56D3432B700CC1004874EC /* String+Ext.swift */,
			);
			path = Extensions;
			sourceTree = "<group>";
		};
		5B56D3472B7017A3004874EC /* HapticFeedback */ = {
			isa = PBXGroup;
			children = (
				5B56D3482B7017B8004874EC /* HapticManager.swift */,
			);
			path = HapticFeedback;
			sourceTree = "<group>";
		};
		5B56D34A2B7019FE004874EC /* Toolbar */ = {
			isa = PBXGroup;
			children = (
				5B56D34B2B701A1F004874EC /* Toolbar.swift */,
				5B56D34D2B701A63004874EC /* MainLogoToolbar.swift */,
				5B56D34F2B701AB3004874EC /* NavigationToolbar.swift */,
			);
			path = Toolbar;
			sourceTree = "<group>";
		};
		5B89C8B82B6FA69200E0164A /* Mapper */ = {
			isa = PBXGroup;
			children = (
				5B89C8B92B6FA6A800E0164A /* PokemonMapper.swift */,
				5B89C8BA2B6FA6A800E0164A /* PokemonDetailMapper.swift */,
			);
			path = Mapper;
			sourceTree = "<group>";
		};
		5B89C8BD2B6FA6BC00E0164A /* Error */ = {
			isa = PBXGroup;
			children = (
				5B89C8BE2B6FA6CE00E0164A /* GetPokedexError.swift */,
				5B89C8BF2B6FA6CE00E0164A /* GetPokemonDetailError.swift */,
			);
			path = Error;
			sourceTree = "<group>";
		};
		5B89C8C22B6FA72200E0164A /* ErrorMapper */ = {
			isa = PBXGroup;
			children = (
				5B89C8C32B6FA73A00E0164A /* GetPokedexErrorMapper.swift */,
				5B89C8C52B6FA75100E0164A /* GetPokemonDetailErrorMapper.swift */,
			);
			path = ErrorMapper;
			sourceTree = "<group>";
		};
		5B89C8C72B6FA77500E0164A /* Interactor */ = {
			isa = PBXGroup;
			children = (
				5B89C8C92B6FA79400E0164A /* GetPokedexInteractor.swift */,
				5B89C8C82B6FA79400E0164A /* GetPokemonDetailInteractor.swift */,
			);
			path = Interactor;
			sourceTree = "<group>";
		};
		5B89C8CD2B6FAB3200E0164A /* Fonts */ = {
			isa = PBXGroup;
			children = (
				5B89C8D12B6FAB3D00E0164A /* OpenSans-Bold.ttf */,
				5B89C8CE2B6FAB3D00E0164A /* OpenSans-BoldItalic.ttf */,
				5B89C8D32B6FAB3D00E0164A /* OpenSans-Italic.ttf */,
				5B89C8CF2B6FAB3D00E0164A /* OpenSans-Regular.ttf */,
				5B89C8D02B6FAB3D00E0164A /* OpenSans-SemiBold.ttf */,
				5B89C8D22B6FAB3D00E0164A /* OpenSans-SemiBoldItalic.ttf */,
			);
			path = Fonts;
			sourceTree = "<group>";
		};
		5B89C8D42B6FAB6500E0164A /* Colors */ = {
			isa = PBXGroup;
			children = (
				5B89C8D52B6FAB7E00E0164A /* Colors.xcassets */,
			);
			path = Colors;
			sourceTree = "<group>";
		};
		5B89C8D72B6FABB500E0164A /* Theme */ = {
			isa = PBXGroup;
			children = (
				5B89C8D82B6FABB900E0164A /* Core */,
				5B89C8DB2B6FABE000E0164A /* Font.swift */,
				5B89C8DD2B6FAC0C00E0164A /* Spacing.swift */,
				5B89C8DF2B6FAC1C00E0164A /* Radius.swift */,
				5B56D3552B701B6B004874EC /* Theme+Toolbar.swift */,
			);
			path = Theme;
			sourceTree = "<group>";
		};
		5B89C8D82B6FABB900E0164A /* Core */ = {
			isa = PBXGroup;
			children = (
				5B89C8D92B6FABC700E0164A /* Theme.swift */,
			);
			path = Core;
			sourceTree = "<group>";
		};
		5B89C8E12B6FAC9700E0164A /* Languages */ = {
			isa = PBXGroup;
			children = (
				5B56D31F2B6FF1B4004874EC /* Localizable.strings */,
			);
			path = Languages;
			sourceTree = "<group>";
		};
		5BDCE2E72B6D7B0A00E703FC /* Repository */ = {
			isa = PBXGroup;
			children = (
				5BDCE2E82B6D7B2200E703FC /* PokemonRepository.swift */,
			);
			path = Repository;
			sourceTree = "<group>";
		};
		5BF9C4D62B69A15F00434B9E /* Pokemon */ = {
			isa = PBXGroup;
			children = (
				5B304A572B6669A400F46A21 /* PokeAPI.swift */,
			);
			path = Pokemon;
			sourceTree = "<group>";
		};
		5BF9C4D72B69A5D900434B9E /* Model */ = {
			isa = PBXGroup;
			children = (
				5B304A5D2B666A2C00F46A21 /* Core */,
				5BDCE2EA2B6D7CE000E703FC /* Pokemon.swift */,
				5B304A602B666A6100F46A21 /* PokemonRegion.swift */,
				5BDCE2EC2B6D7E3A00E703FC /* PokemonDetail.swift */,
				5BDCE2EE2B6D7E5D00E703FC /* PokemonType.swift */,
				5BDCE2F02B6D7E7600E703FC /* PokemoStat.swift */,
			);
			path = Model;
			sourceTree = "<group>";
		};
/* End PBXGroup section */

/* Begin PBXNativeTarget section */
		5B3049CF2B642E6B00F46A21 /* Pokedex */ = {
			isa = PBXNativeTarget;
			buildConfigurationList = 5B3049FD2B642E6C00F46A21 /* Build configuration list for PBXNativeTarget "Pokedex" */;
			buildPhases = (
				CCA2A399CA2FE2ADDCF641AF /* [CP] Check Pods Manifest.lock */,
				5B89C8CC2B6FAAB900E0164A /* SwiftGen Common */,
				5B89C8E62B6FAD7600E0164A /* SwiftGen Colors */,
				5B3049CC2B642E6B00F46A21 /* Sources */,
				5B3049CD2B642E6B00F46A21 /* Frameworks */,
				5B3049CE2B642E6B00F46A21 /* Resources */,
			);
			buildRules = (
			);
			dependencies = (
			);
			name = Pokedex;
			packageProductDependencies = (
				5B304A072B64405300F46A21 /* Swinject */,
				5B304A0A2B6440AF00F46A21 /* Kingfisher */,
			);
			productName = Pokedex;
			productReference = 5B3049D02B642E6B00F46A21 /* Pokedex.app */;
			productType = "com.apple.product-type.application";
		};
		5B3049E82B642E6C00F46A21 /* PokedexTests */ = {
			isa = PBXNativeTarget;
			buildConfigurationList = 5B304A002B642E6C00F46A21 /* Build configuration list for PBXNativeTarget "PokedexTests" */;
			buildPhases = (
				52B0CE536E685503E2AE5DE2 /* [CP] Check Pods Manifest.lock */,
				5B3049E52B642E6C00F46A21 /* Sources */,
				5B3049E62B642E6C00F46A21 /* Frameworks */,
				5B3049E72B642E6C00F46A21 /* Resources */,
				005B9AAE0A8ECB4E904B5BC2 /* [CP] Embed Pods Frameworks */,
			);
			buildRules = (
			);
			dependencies = (
				5B3049EB2B642E6C00F46A21 /* PBXTargetDependency */,
			);
			name = PokedexTests;
			productName = PokedexTests;
			productReference = 5B3049E92B642E6C00F46A21 /* PokedexTests.xctest */;
			productType = "com.apple.product-type.bundle.unit-test";
		};
		5B3049F22B642E6C00F46A21 /* PokedexUITests */ = {
			isa = PBXNativeTarget;
			buildConfigurationList = 5B304A032B642E6C00F46A21 /* Build configuration list for PBXNativeTarget "PokedexUITests" */;
			buildPhases = (
				5B3049EF2B642E6C00F46A21 /* Sources */,
				5B3049F02B642E6C00F46A21 /* Frameworks */,
				5B3049F12B642E6C00F46A21 /* Resources */,
			);
			buildRules = (
			);
			dependencies = (
				5B3049F52B642E6C00F46A21 /* PBXTargetDependency */,
			);
			name = PokedexUITests;
			packageProductDependencies = (
				5B304A0D2B64411600F46A21 /* SnapshotTesting */,
			);
			productName = PokedexUITests;
			productReference = 5B3049F32B642E6C00F46A21 /* PokedexUITests.xctest */;
			productType = "com.apple.product-type.bundle.ui-testing";
		};
/* End PBXNativeTarget section */

/* Begin PBXProject section */
		5B3049C82B642E6B00F46A21 /* Project object */ = {
			isa = PBXProject;
			attributes = {
				BuildIndependentTargetsInParallel = 1;
				LastSwiftUpdateCheck = 1500;
				LastUpgradeCheck = 1500;
				TargetAttributes = {
					5B3049CF2B642E6B00F46A21 = {
						CreatedOnToolsVersion = 15.0.1;
					};
					5B3049E82B642E6C00F46A21 = {
						CreatedOnToolsVersion = 15.0.1;
						TestTargetID = 5B3049CF2B642E6B00F46A21;
					};
					5B3049F22B642E6C00F46A21 = {
						CreatedOnToolsVersion = 15.0.1;
						TestTargetID = 5B3049CF2B642E6B00F46A21;
					};
				};
			};
			buildConfigurationList = 5B3049CB2B642E6B00F46A21 /* Build configuration list for PBXProject "Pokedex" */;
			compatibilityVersion = "Xcode 14.0";
			developmentRegion = en;
			hasScannedForEncodings = 0;
			knownRegions = (
				en,
				Base,
				es,
			);
			mainGroup = 5B3049C72B642E6B00F46A21;
			packageReferences = (
				5B304A062B64405300F46A21 /* XCRemoteSwiftPackageReference "Swinject" */,
				5B304A092B6440AF00F46A21 /* XCRemoteSwiftPackageReference "Kingfisher" */,
				5B304A0C2B64411600F46A21 /* XCRemoteSwiftPackageReference "swift-snapshot-testing" */,
			);
			productRefGroup = 5B3049D12B642E6B00F46A21 /* Products */;
			projectDirPath = "";
			projectRoot = "";
			targets = (
				5B3049CF2B642E6B00F46A21 /* Pokedex */,
				5B3049E82B642E6C00F46A21 /* PokedexTests */,
				5B3049F22B642E6C00F46A21 /* PokedexUITests */,
			);
		};
/* End PBXProject section */

/* Begin PBXResourcesBuildPhase section */
		5B3049CE2B642E6B00F46A21 /* Resources */ = {
			isa = PBXResourcesBuildPhase;
			buildActionMask = 2147483647;
			files = (
				5B89C8E72B6FADCF00E0164A /* OpenSans-Bold.ttf in Resources */,
				5B89C8E82B6FADCF00E0164A /* OpenSans-BoldItalic.ttf in Resources */,
				5B89C8E92B6FADCF00E0164A /* OpenSans-Italic.ttf in Resources */,
				5B89C8EA2B6FADCF00E0164A /* OpenSans-Regular.ttf in Resources */,
				5B89C8EB2B6FADCF00E0164A /* OpenSans-SemiBold.ttf in Resources */,
				5B56D31D2B6FF1B4004874EC /* Localizable.strings in Resources */,
				5B89C8EC2B6FADCF00E0164A /* OpenSans-SemiBoldItalic.ttf in Resources */,
				5B89C8D62B6FAB7E00E0164A /* Colors.xcassets in Resources */,
				5B3049E32B642E6C00F46A21 /* LaunchScreen.storyboard in Resources */,
				5B3049E02B642E6C00F46A21 /* Assets.xcassets in Resources */,
			);
			runOnlyForDeploymentPostprocessing = 0;
		};
		5B3049E72B642E6C00F46A21 /* Resources */ = {
			isa = PBXResourcesBuildPhase;
			buildActionMask = 2147483647;
			files = (
			);
			runOnlyForDeploymentPostprocessing = 0;
		};
		5B3049F12B642E6C00F46A21 /* Resources */ = {
			isa = PBXResourcesBuildPhase;
			buildActionMask = 2147483647;
			files = (
			);
			runOnlyForDeploymentPostprocessing = 0;
		};
/* End PBXResourcesBuildPhase section */

/* Begin PBXShellScriptBuildPhase section */
		005B9AAE0A8ECB4E904B5BC2 /* [CP] Embed Pods Frameworks */ = {
			isa = PBXShellScriptBuildPhase;
			buildActionMask = 2147483647;
			files = (
			);
			inputFileListPaths = (
				"${PODS_ROOT}/Target Support Files/Pods-PokedexTests/Pods-PokedexTests-frameworks-${CONFIGURATION}-input-files.xcfilelist",
			);
			name = "[CP] Embed Pods Frameworks";
			outputFileListPaths = (
				"${PODS_ROOT}/Target Support Files/Pods-PokedexTests/Pods-PokedexTests-frameworks-${CONFIGURATION}-output-files.xcfilelist",
			);
			runOnlyForDeploymentPostprocessing = 0;
			shellPath = /bin/sh;
			shellScript = "\"${PODS_ROOT}/Target Support Files/Pods-PokedexTests/Pods-PokedexTests-frameworks.sh\"\n";
			showEnvVarsInLog = 0;
		};
		52B0CE536E685503E2AE5DE2 /* [CP] Check Pods Manifest.lock */ = {
			isa = PBXShellScriptBuildPhase;
			buildActionMask = 2147483647;
			files = (
			);
			inputFileListPaths = (
			);
			inputPaths = (
				"${PODS_PODFILE_DIR_PATH}/Podfile.lock",
				"${PODS_ROOT}/Manifest.lock",
			);
			name = "[CP] Check Pods Manifest.lock";
			outputFileListPaths = (
			);
			outputPaths = (
				"$(DERIVED_FILE_DIR)/Pods-PokedexTests-checkManifestLockResult.txt",
			);
			runOnlyForDeploymentPostprocessing = 0;
			shellPath = /bin/sh;
			shellScript = "diff \"${PODS_PODFILE_DIR_PATH}/Podfile.lock\" \"${PODS_ROOT}/Manifest.lock\" > /dev/null\nif [ $? != 0 ] ; then\n    # print error to STDERR\n    echo \"error: The sandbox is not in sync with the Podfile.lock. Run 'pod install' or update your CocoaPods installation.\" >&2\n    exit 1\nfi\n# This output is used by Xcode 'outputs' to avoid re-running this script phase.\necho \"SUCCESS\" > \"${SCRIPT_OUTPUT_FILE_0}\"\n";
			showEnvVarsInLog = 0;
		};
		5B89C8CC2B6FAAB900E0164A /* SwiftGen Common */ = {
			isa = PBXShellScriptBuildPhase;
			buildActionMask = 2147483647;
			files = (
			);
			inputFileListPaths = (
			);
			inputPaths = (
			);
			name = "SwiftGen Common";
			outputFileListPaths = (
			);
			outputPaths = (
				"$(SRCROOT)/Pokedex/Resources/Design/Assets/Assets.xcassets",
				"$(SRCROOT)/Pokedex/Resources/Design/Fonts",
			);
			runOnlyForDeploymentPostprocessing = 0;
			shellPath = /bin/sh;
			shellScript = "export PATH=\"$PATH:/opt/homebrew/bin\"\n\nif which swiftgen; then\n        swiftgen --config SwiftGen/swiftgen-common.yml\nelse\n  echo \"error: SwiftGen not installed, download from https://github.com/SwiftGen/SwiftGen and install it using Homebrew\"\nfi\n";
		};
		5B89C8E62B6FAD7600E0164A /* SwiftGen Colors */ = {
			isa = PBXShellScriptBuildPhase;
			buildActionMask = 2147483647;
			files = (
			);
			inputFileListPaths = (
			);
			inputPaths = (
			);
			name = "SwiftGen Colors";
			outputFileListPaths = (
			);
			outputPaths = (
				"$(SRCROOT)/Pokedex/Resources/Design/Colors/Colors.xcassets",
			);
			runOnlyForDeploymentPostprocessing = 0;
			shellPath = /bin/sh;
			shellScript = "export PATH=\"$PATH:/opt/homebrew/bin\"\n\nif which swiftgen; then\n        swiftgen --config SwiftGen/swiftgen-colors.yml\nelse\n  echo \"error: SwiftGen not installed, download from https://github.com/SwiftGen/SwiftGen and install it using Homebrew\"\nfi\n";
		};
		CCA2A399CA2FE2ADDCF641AF /* [CP] Check Pods Manifest.lock */ = {
			isa = PBXShellScriptBuildPhase;
			buildActionMask = 2147483647;
			files = (
			);
			inputFileListPaths = (
			);
			inputPaths = (
				"${PODS_PODFILE_DIR_PATH}/Podfile.lock",
				"${PODS_ROOT}/Manifest.lock",
			);
			name = "[CP] Check Pods Manifest.lock";
			outputFileListPaths = (
			);
			outputPaths = (
				"$(DERIVED_FILE_DIR)/Pods-Pokedex-checkManifestLockResult.txt",
			);
			runOnlyForDeploymentPostprocessing = 0;
			shellPath = /bin/sh;
			shellScript = "diff \"${PODS_PODFILE_DIR_PATH}/Podfile.lock\" \"${PODS_ROOT}/Manifest.lock\" > /dev/null\nif [ $? != 0 ] ; then\n    # print error to STDERR\n    echo \"error: The sandbox is not in sync with the Podfile.lock. Run 'pod install' or update your CocoaPods installation.\" >&2\n    exit 1\nfi\n# This output is used by Xcode 'outputs' to avoid re-running this script phase.\necho \"SUCCESS\" > \"${SCRIPT_OUTPUT_FILE_0}\"\n";
			showEnvVarsInLog = 0;
		};
/* End PBXShellScriptBuildPhase section */

/* Begin PBXSourcesBuildPhase section */
		5B3049CC2B642E6B00F46A21 /* Sources */ = {
			isa = PBXSourcesBuildPhase;
			buildActionMask = 2147483647;
			files = (
				5B304A5F2B666A3300F46A21 /* Model.swift in Sources */,
				5B56D3522B701AD3004874EC /* Assets+System.swift in Sources */,
				5B56D3462B701405004874EC /* PokedexContentView.swift in Sources */,
				5B304A582B6669A400F46A21 /* PokeAPI.swift in Sources */,
				5B56D3262B6FF602004874EC /* Assets+Generated.swift in Sources */,
				5BDCE2ED2B6D7E3A00E703FC /* PokemonDetail.swift in Sources */,
				5B304A492B66648D00F46A21 /* URLRequestConvertible.swift in Sources */,
				5BDCE2EB2B6D7CE000E703FC /* Pokemon.swift in Sources */,
				5B89C8BC2B6FA6A800E0164A /* PokemonDetailMapper.swift in Sources */,
				5B89C8CA2B6FA79400E0164A /* GetPokemonDetailInteractor.swift in Sources */,
				5B304A4D2B6664C600F46A21 /* RemoteDataSource.swift in Sources */,
				5B304A382B650C0B00F46A21 /* HostingController.swift in Sources */,
				5B56D3502B701AB3004874EC /* NavigationToolbar.swift in Sources */,
				5B304A202B65061F00F46A21 /* InjectorProvider.swift in Sources */,
				5B304A3E2B65BADA00F46A21 /* DatabaseManager.swift in Sources */,
				5B304A5B2B666A0500F46A21 /* GetPokedexRequest.swift in Sources */,
				5B304A222B65065E00F46A21 /* PokedexInjectorProvider.swift in Sources */,
				5B304A262B6506FA00F46A21 /* AppDelegate+Injections.swift in Sources */,
				5B56D3282B6FF602004874EC /* Colors+Generated.swift in Sources */,
				5B304A4B2B6664AE00F46A21 /* URLRequest+Headers.swift in Sources */,
				5B304A2E2B650B1300F46A21 /* PokedexConfigurator.swift in Sources */,
				5B56D33C2B700AD3004874EC /* PokemonCard.swift in Sources */,
				5B304A1C2B6505DA00F46A21 /* Injector.swift in Sources */,
				5BDCE2EF2B6D7E5D00E703FC /* PokemonType.swift in Sources */,
				5B56D3292B6FF602004874EC /* Strings+Generated.swift in Sources */,
				5B304A352B650BC000F46A21 /* NavigationController.swift in Sources */,
				5B56D3422B700C41004874EC /* Image+Kingfisher.swift in Sources */,
				5B56D3562B701B6B004874EC /* Theme+Toolbar.swift in Sources */,
				5B56D34E2B701A63004874EC /* MainLogoToolbar.swift in Sources */,
				5B304A302B650B7800F46A21 /* MainConfigurator.swift in Sources */,
				5B304A1E2B6505F900F46A21 /* InjectorModule.swift in Sources */,
				5BDCE2F32B6D8C5B00E703FC /* PokemonEntryEntity.swift in Sources */,
				5B3049DE2B642E6B00F46A21 /* Pokedex.xcdatamodeld in Sources */,
				5B89C8C12B6FA6CE00E0164A /* GetPokemonDetailError.swift in Sources */,
				5B304A472B66638D00F46A21 /* HttpConstants.swift in Sources */,
				5BF9C4D12B69A03100434B9E /* PokedexEntity.swift in Sources */,
				5B304A2C2B650AEF00F46A21 /* PokedexView.swift in Sources */,
				5B3049D42B642E6B00F46A21 /* AppDelegate.swift in Sources */,
				5B304A532B66653C00F46A21 /* EntityWithHEaders.swift in Sources */,
				5B304A242B65068500F46A21 /* PokedexModule.swift in Sources */,
				5B89C8CB2B6FA79400E0164A /* GetPokedexInteractor.swift in Sources */,
				5B304A512B66652700F46A21 /* Entity.swift in Sources */,
				5B56D33F2B700B2F004874EC /* DevicesPreview.swift in Sources */,
				5B304A412B6662B000F46A21 /* DataError.swift in Sources */,
				5B3049D62B642E6B00F46A21 /* SceneDelegate.swift in Sources */,
				5B304A562B66695E00F46A21 /* API.swift in Sources */,
				5B56D3382B700A98004874EC /* PokemonViewModelMapper.swift in Sources */,
				5B56D32B2B70098D004874EC /* PokedexPresenter.swift in Sources */,
				5B89C8DE2B6FAC0D00E0164A /* Spacing.swift in Sources */,
				5B89C8C62B6FA75100E0164A /* GetPokemonDetailErrorMapper.swift in Sources */,
				5B89C8E02B6FAC1C00E0164A /* Radius.swift in Sources */,
				5B56D34C2B701A1F004874EC /* Toolbar.swift in Sources */,
				5B89C8BB2B6FA6A800E0164A /* PokemonMapper.swift in Sources */,
				5B304A452B66636300F46A21 /* Environment.swift in Sources */,
				5BDCE2F12B6D7E7600E703FC /* PokemoStat.swift in Sources */,
				5B304A612B666A6100F46A21 /* PokemonRegion.swift in Sources */,
				5B56D3332B700A2F004874EC /* PokemonViewModel.swift in Sources */,
				5B56D3492B7017B8004874EC /* HapticManager.swift in Sources */,
				5BF9C4D52B69A04B00434B9E /* PokemonDetailEntity.swift in Sources */,
				5B56D32D2B7009C6004874EC /* PokedexRouter.swift in Sources */,
				5B89C8C42B6FA73A00E0164A /* GetPokedexErrorMapper.swift in Sources */,
				5B56D32F2B7009FD004874EC /* MockPokedexPresenter.swift in Sources */,
				5B56D33A2B700AC5004874EC /* PokemonCardViewModel.swift in Sources */,
				5BF9C4CF2B699F6600434B9E /* PokemonRemoteDataSource.swift in Sources */,
				5B89C8DA2B6FABC700E0164A /* Theme.swift in Sources */,
				5B89C8DC2B6FABE000E0164A /* Font.swift in Sources */,
				5B56D3272B6FF602004874EC /* Fonts+Generated.swift in Sources */,
				5B89C8C02B6FA6CE00E0164A /* GetPokedexError.swift in Sources */,
				5BF9C4D32B69A04200434B9E /* PokemonEntity.swift in Sources */,
				5B56D3442B700CC1004874EC /* String+Ext.swift in Sources */,
				5BDCE2E92B6D7B2200E703FC /* PokemonRepository.swift in Sources */,
			);
			runOnlyForDeploymentPostprocessing = 0;
		};
		5B3049E52B642E6C00F46A21 /* Sources */ = {
			isa = PBXSourcesBuildPhase;
			buildActionMask = 2147483647;
			files = (
				5B3049EE2B642E6C00F46A21 /* PokedexTests.swift in Sources */,
			);
			runOnlyForDeploymentPostprocessing = 0;
		};
		5B3049EF2B642E6C00F46A21 /* Sources */ = {
			isa = PBXSourcesBuildPhase;
			buildActionMask = 2147483647;
			files = (
				5B3049F82B642E6C00F46A21 /* PokedexUITests.swift in Sources */,
				5B3049FA2B642E6C00F46A21 /* PokedexUITestsLaunchTests.swift in Sources */,
			);
			runOnlyForDeploymentPostprocessing = 0;
		};
/* End PBXSourcesBuildPhase section */

/* Begin PBXTargetDependency section */
		5B3049EB2B642E6C00F46A21 /* PBXTargetDependency */ = {
			isa = PBXTargetDependency;
			target = 5B3049CF2B642E6B00F46A21 /* Pokedex */;
			targetProxy = 5B3049EA2B642E6C00F46A21 /* PBXContainerItemProxy */;
		};
		5B3049F52B642E6C00F46A21 /* PBXTargetDependency */ = {
			isa = PBXTargetDependency;
			target = 5B3049CF2B642E6B00F46A21 /* Pokedex */;
			targetProxy = 5B3049F42B642E6C00F46A21 /* PBXContainerItemProxy */;
		};
/* End PBXTargetDependency section */

/* Begin PBXVariantGroup section */
		5B3049E12B642E6C00F46A21 /* LaunchScreen.storyboard */ = {
			isa = PBXVariantGroup;
			children = (
				5B3049E22B642E6C00F46A21 /* Base */,
				5B56D31A2B6FEF57004874EC /* es */,
			);
			name = LaunchScreen.storyboard;
			sourceTree = "<group>";
		};
		5B56D31F2B6FF1B4004874EC /* Localizable.strings */ = {
			isa = PBXVariantGroup;
			children = (
				5B56D31E2B6FF1B4004874EC /* en */,
				5B56D3202B6FF1B6004874EC /* es */,
			);
			name = Localizable.strings;
			sourceTree = "<group>";
		};
/* End PBXVariantGroup section */

/* Begin XCBuildConfiguration section */
		5B3049FB2B642E6C00F46A21 /* Debug */ = {
			isa = XCBuildConfiguration;
			buildSettings = {
				ALWAYS_SEARCH_USER_PATHS = NO;
				ASSETCATALOG_COMPILER_GENERATE_SWIFT_ASSET_SYMBOL_EXTENSIONS = YES;
				CLANG_ANALYZER_LOCALIZABILITY_NONLOCALIZED = YES;
				CLANG_ANALYZER_NONNULL = YES;
				CLANG_ANALYZER_NUMBER_OBJECT_CONVERSION = YES_AGGRESSIVE;
				CLANG_CXX_LANGUAGE_STANDARD = "gnu++20";
				CLANG_ENABLE_MODULES = YES;
				CLANG_ENABLE_OBJC_ARC = YES;
				CLANG_ENABLE_OBJC_WEAK = YES;
				CLANG_WARN_BLOCK_CAPTURE_AUTORELEASING = YES;
				CLANG_WARN_BOOL_CONVERSION = YES;
				CLANG_WARN_COMMA = YES;
				CLANG_WARN_CONSTANT_CONVERSION = YES;
				CLANG_WARN_DEPRECATED_OBJC_IMPLEMENTATIONS = YES;
				CLANG_WARN_DIRECT_OBJC_ISA_USAGE = YES_ERROR;
				CLANG_WARN_DOCUMENTATION_COMMENTS = YES;
				CLANG_WARN_EMPTY_BODY = YES;
				CLANG_WARN_ENUM_CONVERSION = YES;
				CLANG_WARN_INFINITE_RECURSION = YES;
				CLANG_WARN_INT_CONVERSION = YES;
				CLANG_WARN_NON_LITERAL_NULL_CONVERSION = YES;
				CLANG_WARN_OBJC_IMPLICIT_RETAIN_SELF = YES;
				CLANG_WARN_OBJC_LITERAL_CONVERSION = YES;
				CLANG_WARN_OBJC_ROOT_CLASS = YES_ERROR;
				CLANG_WARN_QUOTED_INCLUDE_IN_FRAMEWORK_HEADER = YES;
				CLANG_WARN_RANGE_LOOP_ANALYSIS = YES;
				CLANG_WARN_STRICT_PROTOTYPES = YES;
				CLANG_WARN_SUSPICIOUS_MOVE = YES;
				CLANG_WARN_UNGUARDED_AVAILABILITY = YES_AGGRESSIVE;
				CLANG_WARN_UNREACHABLE_CODE = YES;
				CLANG_WARN__DUPLICATE_METHOD_MATCH = YES;
				COPY_PHASE_STRIP = NO;
				DEBUG_INFORMATION_FORMAT = dwarf;
				ENABLE_STRICT_OBJC_MSGSEND = YES;
				ENABLE_TESTABILITY = YES;
				ENABLE_USER_SCRIPT_SANDBOXING = NO;
				GCC_C_LANGUAGE_STANDARD = gnu17;
				GCC_DYNAMIC_NO_PIC = NO;
				GCC_NO_COMMON_BLOCKS = YES;
				GCC_OPTIMIZATION_LEVEL = 0;
				GCC_PREPROCESSOR_DEFINITIONS = (
					"DEBUG=1",
					"$(inherited)",
				);
				GCC_WARN_64_TO_32_BIT_CONVERSION = YES;
				GCC_WARN_ABOUT_RETURN_TYPE = YES_ERROR;
				GCC_WARN_UNDECLARED_SELECTOR = YES;
				GCC_WARN_UNINITIALIZED_AUTOS = YES_AGGRESSIVE;
				GCC_WARN_UNUSED_FUNCTION = YES;
				GCC_WARN_UNUSED_VARIABLE = YES;
				IPHONEOS_DEPLOYMENT_TARGET = 16.4;
				LOCALIZATION_PREFERS_STRING_CATALOGS = NO;
				MTL_ENABLE_DEBUG_INFO = INCLUDE_SOURCE;
				MTL_FAST_MATH = YES;
				ONLY_ACTIVE_ARCH = YES;
				SDKROOT = iphoneos;
				SWIFT_ACTIVE_COMPILATION_CONDITIONS = "DEBUG $(inherited)";
				SWIFT_OPTIMIZATION_LEVEL = "-Onone";
			};
			name = Debug;
		};
		5B3049FC2B642E6C00F46A21 /* Release */ = {
			isa = XCBuildConfiguration;
			buildSettings = {
				ALWAYS_SEARCH_USER_PATHS = NO;
				ASSETCATALOG_COMPILER_GENERATE_SWIFT_ASSET_SYMBOL_EXTENSIONS = YES;
				CLANG_ANALYZER_LOCALIZABILITY_NONLOCALIZED = YES;
				CLANG_ANALYZER_NONNULL = YES;
				CLANG_ANALYZER_NUMBER_OBJECT_CONVERSION = YES_AGGRESSIVE;
				CLANG_CXX_LANGUAGE_STANDARD = "gnu++20";
				CLANG_ENABLE_MODULES = YES;
				CLANG_ENABLE_OBJC_ARC = YES;
				CLANG_ENABLE_OBJC_WEAK = YES;
				CLANG_WARN_BLOCK_CAPTURE_AUTORELEASING = YES;
				CLANG_WARN_BOOL_CONVERSION = YES;
				CLANG_WARN_COMMA = YES;
				CLANG_WARN_CONSTANT_CONVERSION = YES;
				CLANG_WARN_DEPRECATED_OBJC_IMPLEMENTATIONS = YES;
				CLANG_WARN_DIRECT_OBJC_ISA_USAGE = YES_ERROR;
				CLANG_WARN_DOCUMENTATION_COMMENTS = YES;
				CLANG_WARN_EMPTY_BODY = YES;
				CLANG_WARN_ENUM_CONVERSION = YES;
				CLANG_WARN_INFINITE_RECURSION = YES;
				CLANG_WARN_INT_CONVERSION = YES;
				CLANG_WARN_NON_LITERAL_NULL_CONVERSION = YES;
				CLANG_WARN_OBJC_IMPLICIT_RETAIN_SELF = YES;
				CLANG_WARN_OBJC_LITERAL_CONVERSION = YES;
				CLANG_WARN_OBJC_ROOT_CLASS = YES_ERROR;
				CLANG_WARN_QUOTED_INCLUDE_IN_FRAMEWORK_HEADER = YES;
				CLANG_WARN_RANGE_LOOP_ANALYSIS = YES;
				CLANG_WARN_STRICT_PROTOTYPES = YES;
				CLANG_WARN_SUSPICIOUS_MOVE = YES;
				CLANG_WARN_UNGUARDED_AVAILABILITY = YES_AGGRESSIVE;
				CLANG_WARN_UNREACHABLE_CODE = YES;
				CLANG_WARN__DUPLICATE_METHOD_MATCH = YES;
				COPY_PHASE_STRIP = NO;
				DEBUG_INFORMATION_FORMAT = "dwarf-with-dsym";
				ENABLE_NS_ASSERTIONS = NO;
				ENABLE_STRICT_OBJC_MSGSEND = YES;
				ENABLE_USER_SCRIPT_SANDBOXING = NO;
				GCC_C_LANGUAGE_STANDARD = gnu17;
				GCC_NO_COMMON_BLOCKS = YES;
				GCC_WARN_64_TO_32_BIT_CONVERSION = YES;
				GCC_WARN_ABOUT_RETURN_TYPE = YES_ERROR;
				GCC_WARN_UNDECLARED_SELECTOR = YES;
				GCC_WARN_UNINITIALIZED_AUTOS = YES_AGGRESSIVE;
				GCC_WARN_UNUSED_FUNCTION = YES;
				GCC_WARN_UNUSED_VARIABLE = YES;
				IPHONEOS_DEPLOYMENT_TARGET = 16.4;
				LOCALIZATION_PREFERS_STRING_CATALOGS = NO;
				MTL_ENABLE_DEBUG_INFO = NO;
				MTL_FAST_MATH = YES;
				SDKROOT = iphoneos;
				SWIFT_COMPILATION_MODE = wholemodule;
				VALIDATE_PRODUCT = YES;
			};
			name = Release;
		};
		5B3049FE2B642E6C00F46A21 /* Debug */ = {
			isa = XCBuildConfiguration;
			baseConfigurationReference = 8C20610E979282CF669E0992 /* Pods-Pokedex.debug.xcconfig */;
			buildSettings = {
				ASSETCATALOG_COMPILER_APPICON_NAME = AppIcon;
				ASSETCATALOG_COMPILER_GLOBAL_ACCENT_COLOR_NAME = AccentColor;
				CODE_SIGN_STYLE = Manual;
				CURRENT_PROJECT_VERSION = 1;
				DEVELOPMENT_TEAM = "";
				GENERATE_INFOPLIST_FILE = YES;
				INFOPLIST_FILE = Pokedex/Architecture/System/Info.plist;
				INFOPLIST_KEY_UIApplicationSupportsIndirectInputEvents = YES;
				INFOPLIST_KEY_UILaunchStoryboardName = LaunchScreen;
				INFOPLIST_KEY_UISupportedInterfaceOrientations = UIInterfaceOrientationPortrait;
				INFOPLIST_KEY_UISupportedInterfaceOrientations_iPad = "UIInterfaceOrientationLandscapeLeft UIInterfaceOrientationLandscapeRight UIInterfaceOrientationPortrait UIInterfaceOrientationPortraitUpsideDown";
				LD_RUNPATH_SEARCH_PATHS = (
					"$(inherited)",
					"@executable_path/Frameworks",
				);
				MARKETING_VERSION = 1.0;
				PRODUCT_BUNDLE_IDENTIFIER = aitor.baragano.Pokedex;
				PRODUCT_NAME = "$(TARGET_NAME)";
				PROVISIONING_PROFILE_SPECIFIER = "";
				SUPPORTED_PLATFORMS = "iphoneos iphonesimulator";
				SUPPORTS_MACCATALYST = NO;
				SUPPORTS_MAC_DESIGNED_FOR_IPHONE_IPAD = NO;
				SWIFT_EMIT_LOC_STRINGS = NO;
				SWIFT_VERSION = 5.0;
				TARGETED_DEVICE_FAMILY = 1;
			};
			name = Debug;
		};
		5B3049FF2B642E6C00F46A21 /* Release */ = {
			isa = XCBuildConfiguration;
			baseConfigurationReference = B32B5ECE9BDE9BD45E361BE3 /* Pods-Pokedex.release.xcconfig */;
			buildSettings = {
				ASSETCATALOG_COMPILER_APPICON_NAME = AppIcon;
				ASSETCATALOG_COMPILER_GLOBAL_ACCENT_COLOR_NAME = AccentColor;
				CODE_SIGN_STYLE = Manual;
				CURRENT_PROJECT_VERSION = 1;
				DEVELOPMENT_TEAM = "";
				GENERATE_INFOPLIST_FILE = YES;
				INFOPLIST_FILE = Pokedex/Architecture/System/Info.plist;
				INFOPLIST_KEY_UIApplicationSupportsIndirectInputEvents = YES;
				INFOPLIST_KEY_UILaunchStoryboardName = LaunchScreen;
				INFOPLIST_KEY_UISupportedInterfaceOrientations = UIInterfaceOrientationPortrait;
				INFOPLIST_KEY_UISupportedInterfaceOrientations_iPad = "UIInterfaceOrientationLandscapeLeft UIInterfaceOrientationLandscapeRight UIInterfaceOrientationPortrait UIInterfaceOrientationPortraitUpsideDown";
				LD_RUNPATH_SEARCH_PATHS = (
					"$(inherited)",
					"@executable_path/Frameworks",
				);
				MARKETING_VERSION = 1.0;
				PRODUCT_BUNDLE_IDENTIFIER = aitor.baragano.Pokedex;
				PRODUCT_NAME = "$(TARGET_NAME)";
				PROVISIONING_PROFILE_SPECIFIER = "";
				SUPPORTED_PLATFORMS = "iphoneos iphonesimulator";
				SUPPORTS_MACCATALYST = NO;
				SUPPORTS_MAC_DESIGNED_FOR_IPHONE_IPAD = NO;
				SWIFT_EMIT_LOC_STRINGS = NO;
				SWIFT_VERSION = 5.0;
				TARGETED_DEVICE_FAMILY = 1;
			};
			name = Release;
		};
		5B304A012B642E6C00F46A21 /* Debug */ = {
			isa = XCBuildConfiguration;
			baseConfigurationReference = 023B52B86EBA71651CB51F03 /* Pods-PokedexTests.debug.xcconfig */;
			buildSettings = {
				ALWAYS_EMBED_SWIFT_STANDARD_LIBRARIES = YES;
				BUNDLE_LOADER = "$(TEST_HOST)";
				CODE_SIGN_STYLE = Automatic;
				CURRENT_PROJECT_VERSION = 1;
				GENERATE_INFOPLIST_FILE = YES;
				IPHONEOS_DEPLOYMENT_TARGET = 16.4;
				MARKETING_VERSION = 1.0;
				PRODUCT_BUNDLE_IDENTIFIER = aitor.baragano.PokedexTests;
				PRODUCT_NAME = "$(TARGET_NAME)";
				SWIFT_EMIT_LOC_STRINGS = NO;
				SWIFT_VERSION = 5.0;
				TARGETED_DEVICE_FAMILY = "1,2";
				TEST_HOST = "$(BUILT_PRODUCTS_DIR)/Pokedex.app/$(BUNDLE_EXECUTABLE_FOLDER_PATH)/Pokedex";
			};
			name = Debug;
		};
		5B304A022B642E6C00F46A21 /* Release */ = {
			isa = XCBuildConfiguration;
			baseConfigurationReference = 427D3BD8B406585D121AAA84 /* Pods-PokedexTests.release.xcconfig */;
			buildSettings = {
				ALWAYS_EMBED_SWIFT_STANDARD_LIBRARIES = YES;
				BUNDLE_LOADER = "$(TEST_HOST)";
				CODE_SIGN_STYLE = Automatic;
				CURRENT_PROJECT_VERSION = 1;
				GENERATE_INFOPLIST_FILE = YES;
				IPHONEOS_DEPLOYMENT_TARGET = 16.4;
				MARKETING_VERSION = 1.0;
				PRODUCT_BUNDLE_IDENTIFIER = aitor.baragano.PokedexTests;
				PRODUCT_NAME = "$(TARGET_NAME)";
				SWIFT_EMIT_LOC_STRINGS = NO;
				SWIFT_VERSION = 5.0;
				TARGETED_DEVICE_FAMILY = "1,2";
				TEST_HOST = "$(BUILT_PRODUCTS_DIR)/Pokedex.app/$(BUNDLE_EXECUTABLE_FOLDER_PATH)/Pokedex";
			};
			name = Release;
		};
		5B304A042B642E6C00F46A21 /* Debug */ = {
			isa = XCBuildConfiguration;
			buildSettings = {
				ALWAYS_EMBED_SWIFT_STANDARD_LIBRARIES = YES;
				CODE_SIGN_STYLE = Automatic;
				CURRENT_PROJECT_VERSION = 1;
				GENERATE_INFOPLIST_FILE = YES;
				MARKETING_VERSION = 1.0;
				PRODUCT_BUNDLE_IDENTIFIER = aitor.baragano.PokedexUITests;
				PRODUCT_NAME = "$(TARGET_NAME)";
				SWIFT_EMIT_LOC_STRINGS = NO;
				SWIFT_VERSION = 5.0;
				TARGETED_DEVICE_FAMILY = "1,2";
				TEST_TARGET_NAME = Pokedex;
			};
			name = Debug;
		};
		5B304A052B642E6C00F46A21 /* Release */ = {
			isa = XCBuildConfiguration;
			buildSettings = {
				ALWAYS_EMBED_SWIFT_STANDARD_LIBRARIES = YES;
				CODE_SIGN_STYLE = Automatic;
				CURRENT_PROJECT_VERSION = 1;
				GENERATE_INFOPLIST_FILE = YES;
				MARKETING_VERSION = 1.0;
				PRODUCT_BUNDLE_IDENTIFIER = aitor.baragano.PokedexUITests;
				PRODUCT_NAME = "$(TARGET_NAME)";
				SWIFT_EMIT_LOC_STRINGS = NO;
				SWIFT_VERSION = 5.0;
				TARGETED_DEVICE_FAMILY = "1,2";
				TEST_TARGET_NAME = Pokedex;
			};
			name = Release;
		};
/* End XCBuildConfiguration section */

/* Begin XCConfigurationList section */
		5B3049CB2B642E6B00F46A21 /* Build configuration list for PBXProject "Pokedex" */ = {
			isa = XCConfigurationList;
			buildConfigurations = (
				5B3049FB2B642E6C00F46A21 /* Debug */,
				5B3049FC2B642E6C00F46A21 /* Release */,
			);
			defaultConfigurationIsVisible = 0;
			defaultConfigurationName = Release;
		};
		5B3049FD2B642E6C00F46A21 /* Build configuration list for PBXNativeTarget "Pokedex" */ = {
			isa = XCConfigurationList;
			buildConfigurations = (
				5B3049FE2B642E6C00F46A21 /* Debug */,
				5B3049FF2B642E6C00F46A21 /* Release */,
			);
			defaultConfigurationIsVisible = 0;
			defaultConfigurationName = Release;
		};
		5B304A002B642E6C00F46A21 /* Build configuration list for PBXNativeTarget "PokedexTests" */ = {
			isa = XCConfigurationList;
			buildConfigurations = (
				5B304A012B642E6C00F46A21 /* Debug */,
				5B304A022B642E6C00F46A21 /* Release */,
			);
			defaultConfigurationIsVisible = 0;
			defaultConfigurationName = Release;
		};
		5B304A032B642E6C00F46A21 /* Build configuration list for PBXNativeTarget "PokedexUITests" */ = {
			isa = XCConfigurationList;
			buildConfigurations = (
				5B304A042B642E6C00F46A21 /* Debug */,
				5B304A052B642E6C00F46A21 /* Release */,
			);
			defaultConfigurationIsVisible = 0;
			defaultConfigurationName = Release;
		};
/* End XCConfigurationList section */

/* Begin XCRemoteSwiftPackageReference section */
		5B304A062B64405300F46A21 /* XCRemoteSwiftPackageReference "Swinject" */ = {
			isa = XCRemoteSwiftPackageReference;
			repositoryURL = "https://github.com/Swinject/Swinject";
			requirement = {
				kind = upToNextMinorVersion;
				minimumVersion = 2.8.0;
			};
		};
		5B304A092B6440AF00F46A21 /* XCRemoteSwiftPackageReference "Kingfisher" */ = {
			isa = XCRemoteSwiftPackageReference;
			repositoryURL = "https://github.com/onevcat/Kingfisher";
			requirement = {
				kind = upToNextMinorVersion;
				minimumVersion = 7.10.0;
			};
		};
		5B304A0C2B64411600F46A21 /* XCRemoteSwiftPackageReference "swift-snapshot-testing" */ = {
			isa = XCRemoteSwiftPackageReference;
			repositoryURL = "https://github.com/pointfreeco/swift-snapshot-testing";
			requirement = {
				kind = upToNextMinorVersion;
				minimumVersion = 1.15.0;
			};
		};
/* End XCRemoteSwiftPackageReference section */

/* Begin XCSwiftPackageProductDependency section */
		5B304A072B64405300F46A21 /* Swinject */ = {
			isa = XCSwiftPackageProductDependency;
			package = 5B304A062B64405300F46A21 /* XCRemoteSwiftPackageReference "Swinject" */;
			productName = Swinject;
		};
		5B304A0A2B6440AF00F46A21 /* Kingfisher */ = {
			isa = XCSwiftPackageProductDependency;
			package = 5B304A092B6440AF00F46A21 /* XCRemoteSwiftPackageReference "Kingfisher" */;
			productName = Kingfisher;
		};
		5B304A0D2B64411600F46A21 /* SnapshotTesting */ = {
			isa = XCSwiftPackageProductDependency;
			package = 5B304A0C2B64411600F46A21 /* XCRemoteSwiftPackageReference "swift-snapshot-testing" */;
			productName = SnapshotTesting;
		};
/* End XCSwiftPackageProductDependency section */

/* Begin XCVersionGroup section */
		5B3049DC2B642E6B00F46A21 /* Pokedex.xcdatamodeld */ = {
			isa = XCVersionGroup;
			children = (
				5B3049DD2B642E6B00F46A21 /* Pokedex.xcdatamodel */,
			);
			currentVersion = 5B3049DD2B642E6B00F46A21 /* Pokedex.xcdatamodel */;
			path = Pokedex.xcdatamodeld;
			sourceTree = "<group>";
			versionGroupType = wrapper.xcdatamodel;
		};
/* End XCVersionGroup section */
	};
	rootObject = 5B3049C82B642E6B00F46A21 /* Project object */;
}
